<?xml version="1.0" encoding="UTF-8"?>
<!DOCTYPE plist PUBLIC "-//Apple//DTD PLIST 1.0//EN" "http://www.apple.com/DTDs/PropertyList-1.0.dtd">
<plist version="1.0">
<dict>
	<key>archiveVersion</key>
	<string>1</string>
	<key>classes</key>
	<dict/>
	<key>objectVersion</key>
	<string>46</string>
	<key>objects</key>
	<dict>
		<key>2E8C6F0411244EF89CA5ED23</key>
		<dict>
			<key>explicitFileType</key>
			<string>archive.ar</string>
			<key>includeInIndex</key>
			<string>0</string>
			<key>isa</key>
			<string>PBXFileReference</string>
			<key>path</key>
			<string>libPods.a</string>
			<key>sourceTree</key>
			<string>BUILT_PRODUCTS_DIR</string>
		</dict>
		<key>59432EA75D1042158360A58A</key>
		<dict>
			<key>includeInIndex</key>
			<string>1</string>
			<key>isa</key>
			<string>PBXFileReference</string>
			<key>lastKnownFileType</key>
			<string>text.xcconfig</string>
			<key>name</key>
			<string>Pods.xcconfig</string>
			<key>path</key>
			<string>Pods/Pods.xcconfig</string>
			<key>sourceTree</key>
			<string>&lt;group&gt;</string>
		</dict>
		<key>7F6075C646784F1CB415EA05</key>
		<dict>
			<key>buildActionMask</key>
			<string>2147483647</string>
			<key>files</key>
			<array/>
			<key>inputPaths</key>
			<array/>
			<key>isa</key>
			<string>PBXShellScriptBuildPhase</string>
			<key>name</key>
			<string>Copy Pods Resources</string>
			<key>outputPaths</key>
			<array/>
			<key>runOnlyForDeploymentPostprocessing</key>
			<string>0</string>
			<key>shellPath</key>
			<string>/bin/sh</string>
			<key>shellScript</key>
			<string>"${SRCROOT}/Pods/Pods-resources.sh"
</string>
			<key>showEnvVarsInLog</key>
			<string>0</string>
		</dict>
		<key>8A03E32E1803F8F900F285E6</key>
		<dict>
			<key>isa</key>
			<string>PBXFileReference</string>
			<key>lastKnownFileType</key>
			<string>image.png</string>
			<key>path</key>
			<string>Default-Landscape~ipad.png</string>
			<key>sourceTree</key>
			<string>&lt;group&gt;</string>
		</dict>
		<key>8A03E32F1803F8F900F285E6</key>
		<dict>
			<key>fileRef</key>
			<string>8A03E32E1803F8F900F285E6</string>
			<key>isa</key>
			<string>PBXBuildFile</string>
		</dict>
		<key>8A10495C18067E58000511BE</key>
		<dict>
			<key>isa</key>
			<string>PBXFileReference</string>
			<key>lastKnownFileType</key>
			<string>folder.skatlas</string>
			<key>path</key>
			<string>BookMenu0.atlas</string>
			<key>sourceTree</key>
			<string>&lt;group&gt;</string>
		</dict>
		<key>8A10495D18067E59000511BE</key>
		<dict>
			<key>isa</key>
			<string>PBXFileReference</string>
			<key>lastKnownFileType</key>
			<string>folder.skatlas</string>
			<key>path</key>
			<string>BookMenu1.atlas</string>
			<key>sourceTree</key>
			<string>&lt;group&gt;</string>
		</dict>
		<key>8A10495E18067E59000511BE</key>
		<dict>
			<key>isa</key>
			<string>PBXFileReference</string>
			<key>lastKnownFileType</key>
			<string>folder.skatlas</string>
			<key>path</key>
			<string>BookMenu2.atlas</string>
			<key>sourceTree</key>
			<string>&lt;group&gt;</string>
		</dict>
		<key>8A10495F18067E59000511BE</key>
		<dict>
			<key>fileRef</key>
			<string>8A10495C18067E58000511BE</string>
			<key>isa</key>
			<string>PBXBuildFile</string>
		</dict>
		<key>8A10496018067E59000511BE</key>
		<dict>
			<key>fileRef</key>
			<string>8A10495D18067E59000511BE</string>
			<key>isa</key>
			<string>PBXBuildFile</string>
		</dict>
		<key>8A10496118067E59000511BE</key>
		<dict>
			<key>fileRef</key>
			<string>8A10495E18067E59000511BE</string>
			<key>isa</key>
			<string>PBXBuildFile</string>
		</dict>
		<key>8A344C9817F93AF400B915BA</key>
		<dict>
			<key>children</key>
			<array>
				<string>8A10495C18067E58000511BE</string>
				<string>8A10495D18067E59000511BE</string>
				<string>8A10495E18067E59000511BE</string>
				<string>8A344C9917F93AF400B915BA</string>
				<string>8A344C9A17F93AF400B915BA</string>
				<string>8A344C9B17F93AF400B915BA</string>
				<string>8A344C9C17F93AF400B915BA</string>
				<string>8A344C9D17F93AF400B915BA</string>
				<string>8A344C9E17F93AF400B915BA</string>
				<string>8A344C9F17F93AF400B915BA</string>
				<string>8A344CA017F93AF400B915BA</string>
				<string>8A344CA117F93AF400B915BA</string>
				<string>8A344CA217F93AF400B915BA</string>
				<string>8A344CA317F93AF400B915BA</string>
				<string>8A344CA417F93AF400B915BA</string>
				<string>8A344CA517F93AF400B915BA</string>
				<string>8A344CA617F93AF400B915BA</string>
				<string>8A344CA717F93AF400B915BA</string>
				<string>8A344CA817F93AF400B915BA</string>
				<string>8A344CA917F93AF400B915BA</string>
				<string>8A344CAA17F93AF400B915BA</string>
				<string>8A344CAE17F93AF400B915BA</string>
			</array>
			<key>isa</key>
			<string>PBXGroup</string>
			<key>path</key>
			<string>Texture Atlas</string>
			<key>sourceTree</key>
			<string>&lt;group&gt;</string>
		</dict>
		<key>8A344C9917F93AF400B915BA</key>
		<dict>
			<key>isa</key>
			<string>PBXFileReference</string>
			<key>lastKnownFileType</key>
			<string>folder.skatlas</string>
			<key>path</key>
			<string>Animal_0_0.atlas</string>
			<key>sourceTree</key>
			<string>&lt;group&gt;</string>
		</dict>
		<key>8A344C9A17F93AF400B915BA</key>
		<dict>
			<key>isa</key>
			<string>PBXFileReference</string>
			<key>lastKnownFileType</key>
			<string>folder.skatlas</string>
			<key>path</key>
			<string>Animal_0_1.atlas</string>
			<key>sourceTree</key>
			<string>&lt;group&gt;</string>
		</dict>
		<key>8A344C9B17F93AF400B915BA</key>
		<dict>
			<key>isa</key>
			<string>PBXFileReference</string>
			<key>lastKnownFileType</key>
			<string>folder.skatlas</string>
			<key>path</key>
			<string>Animal_0_2.atlas</string>
			<key>sourceTree</key>
			<string>&lt;group&gt;</string>
		</dict>
		<key>8A344C9C17F93AF400B915BA</key>
		<dict>
			<key>isa</key>
			<string>PBXFileReference</string>
			<key>lastKnownFileType</key>
			<string>folder.skatlas</string>
			<key>path</key>
			<string>Animal_0_3.atlas</string>
			<key>sourceTree</key>
			<string>&lt;group&gt;</string>
		</dict>
		<key>8A344C9D17F93AF400B915BA</key>
		<dict>
			<key>isa</key>
			<string>PBXFileReference</string>
			<key>lastKnownFileType</key>
			<string>folder.skatlas</string>
			<key>path</key>
			<string>Animal_0_4.atlas</string>
			<key>sourceTree</key>
			<string>&lt;group&gt;</string>
		</dict>
		<key>8A344C9E17F93AF400B915BA</key>
		<dict>
			<key>isa</key>
			<string>PBXFileReference</string>
			<key>lastKnownFileType</key>
			<string>folder.skatlas</string>
			<key>path</key>
			<string>Animal_0_5.atlas</string>
			<key>sourceTree</key>
			<string>&lt;group&gt;</string>
		</dict>
		<key>8A344C9F17F93AF400B915BA</key>
		<dict>
			<key>isa</key>
			<string>PBXFileReference</string>
			<key>lastKnownFileType</key>
			<string>folder.skatlas</string>
			<key>path</key>
			<string>Animal_1_0.atlas</string>
			<key>sourceTree</key>
			<string>&lt;group&gt;</string>
		</dict>
		<key>8A344CA017F93AF400B915BA</key>
		<dict>
			<key>isa</key>
			<string>PBXFileReference</string>
			<key>lastKnownFileType</key>
			<string>folder.skatlas</string>
			<key>path</key>
			<string>Animal_1_1.atlas</string>
			<key>sourceTree</key>
			<string>&lt;group&gt;</string>
		</dict>
		<key>8A344CA117F93AF400B915BA</key>
		<dict>
			<key>isa</key>
			<string>PBXFileReference</string>
			<key>lastKnownFileType</key>
			<string>folder.skatlas</string>
			<key>path</key>
			<string>Animal_1_2.atlas</string>
			<key>sourceTree</key>
			<string>&lt;group&gt;</string>
		</dict>
		<key>8A344CA217F93AF400B915BA</key>
		<dict>
			<key>isa</key>
			<string>PBXFileReference</string>
			<key>lastKnownFileType</key>
			<string>folder.skatlas</string>
			<key>path</key>
			<string>Animal_1_3.atlas</string>
			<key>sourceTree</key>
			<string>&lt;group&gt;</string>
		</dict>
		<key>8A344CA317F93AF400B915BA</key>
		<dict>
			<key>isa</key>
			<string>PBXFileReference</string>
			<key>lastKnownFileType</key>
			<string>folder.skatlas</string>
			<key>path</key>
			<string>Animal_1_4.atlas</string>
			<key>sourceTree</key>
			<string>&lt;group&gt;</string>
		</dict>
		<key>8A344CA417F93AF400B915BA</key>
		<dict>
			<key>isa</key>
			<string>PBXFileReference</string>
			<key>lastKnownFileType</key>
			<string>folder.skatlas</string>
			<key>path</key>
			<string>Animal_1_5.atlas</string>
			<key>sourceTree</key>
			<string>&lt;group&gt;</string>
		</dict>
		<key>8A344CA517F93AF400B915BA</key>
		<dict>
			<key>isa</key>
			<string>PBXFileReference</string>
			<key>lastKnownFileType</key>
			<string>folder.skatlas</string>
			<key>path</key>
			<string>Animal_2_0.atlas</string>
			<key>sourceTree</key>
			<string>&lt;group&gt;</string>
		</dict>
		<key>8A344CA617F93AF400B915BA</key>
		<dict>
			<key>isa</key>
			<string>PBXFileReference</string>
			<key>lastKnownFileType</key>
			<string>folder.skatlas</string>
			<key>path</key>
			<string>Animal_2_1.atlas</string>
			<key>sourceTree</key>
			<string>&lt;group&gt;</string>
		</dict>
		<key>8A344CA717F93AF400B915BA</key>
		<dict>
			<key>isa</key>
			<string>PBXFileReference</string>
			<key>lastKnownFileType</key>
			<string>folder.skatlas</string>
			<key>path</key>
			<string>Animal_2_2.atlas</string>
			<key>sourceTree</key>
			<string>&lt;group&gt;</string>
		</dict>
		<key>8A344CA817F93AF400B915BA</key>
		<dict>
			<key>isa</key>
			<string>PBXFileReference</string>
			<key>lastKnownFileType</key>
			<string>folder.skatlas</string>
			<key>path</key>
			<string>Animal_2_3.atlas</string>
			<key>sourceTree</key>
			<string>&lt;group&gt;</string>
		</dict>
		<key>8A344CA917F93AF400B915BA</key>
		<dict>
			<key>isa</key>
			<string>PBXFileReference</string>
			<key>lastKnownFileType</key>
			<string>folder.skatlas</string>
			<key>path</key>
			<string>Animal_2_4.atlas</string>
			<key>sourceTree</key>
			<string>&lt;group&gt;</string>
		</dict>
		<key>8A344CAA17F93AF400B915BA</key>
		<dict>
			<key>isa</key>
			<string>PBXFileReference</string>
			<key>lastKnownFileType</key>
			<string>folder.skatlas</string>
			<key>path</key>
			<string>Animal_2_5.atlas</string>
			<key>sourceTree</key>
			<string>&lt;group&gt;</string>
		</dict>
		<key>8A344CAE17F93AF400B915BA</key>
		<dict>
			<key>isa</key>
			<string>PBXFileReference</string>
			<key>lastKnownFileType</key>
			<string>folder.skatlas</string>
			<key>path</key>
			<string>Others.atlas</string>
			<key>sourceTree</key>
			<string>&lt;group&gt;</string>
		</dict>
		<key>8A344CAF17F93AF400B915BA</key>
		<dict>
			<key>fileRef</key>
			<string>8A344C9917F93AF400B915BA</string>
			<key>isa</key>
			<string>PBXBuildFile</string>
		</dict>
		<key>8A344CB017F93AF400B915BA</key>
		<dict>
			<key>fileRef</key>
			<string>8A344C9A17F93AF400B915BA</string>
			<key>isa</key>
			<string>PBXBuildFile</string>
		</dict>
		<key>8A344CB117F93AF400B915BA</key>
		<dict>
			<key>fileRef</key>
			<string>8A344C9B17F93AF400B915BA</string>
			<key>isa</key>
			<string>PBXBuildFile</string>
		</dict>
		<key>8A344CB217F93AF400B915BA</key>
		<dict>
			<key>fileRef</key>
			<string>8A344C9C17F93AF400B915BA</string>
			<key>isa</key>
			<string>PBXBuildFile</string>
		</dict>
		<key>8A344CB317F93AF400B915BA</key>
		<dict>
			<key>fileRef</key>
			<string>8A344C9D17F93AF400B915BA</string>
			<key>isa</key>
			<string>PBXBuildFile</string>
		</dict>
		<key>8A344CB417F93AF400B915BA</key>
		<dict>
			<key>fileRef</key>
			<string>8A344C9E17F93AF400B915BA</string>
			<key>isa</key>
			<string>PBXBuildFile</string>
		</dict>
		<key>8A344CB517F93AF400B915BA</key>
		<dict>
			<key>fileRef</key>
			<string>8A344C9F17F93AF400B915BA</string>
			<key>isa</key>
			<string>PBXBuildFile</string>
		</dict>
		<key>8A344CB617F93AF400B915BA</key>
		<dict>
			<key>fileRef</key>
			<string>8A344CA017F93AF400B915BA</string>
			<key>isa</key>
			<string>PBXBuildFile</string>
		</dict>
		<key>8A344CB717F93AF400B915BA</key>
		<dict>
			<key>fileRef</key>
			<string>8A344CA117F93AF400B915BA</string>
			<key>isa</key>
			<string>PBXBuildFile</string>
		</dict>
		<key>8A344CB817F93AF400B915BA</key>
		<dict>
			<key>fileRef</key>
			<string>8A344CA217F93AF400B915BA</string>
			<key>isa</key>
			<string>PBXBuildFile</string>
		</dict>
		<key>8A344CB917F93AF400B915BA</key>
		<dict>
			<key>fileRef</key>
			<string>8A344CA317F93AF400B915BA</string>
			<key>isa</key>
			<string>PBXBuildFile</string>
		</dict>
		<key>8A344CBA17F93AF400B915BA</key>
		<dict>
			<key>fileRef</key>
			<string>8A344CA417F93AF400B915BA</string>
			<key>isa</key>
			<string>PBXBuildFile</string>
		</dict>
		<key>8A344CBB17F93AF400B915BA</key>
		<dict>
			<key>fileRef</key>
			<string>8A344CA517F93AF400B915BA</string>
			<key>isa</key>
			<string>PBXBuildFile</string>
		</dict>
		<key>8A344CBC17F93AF400B915BA</key>
		<dict>
			<key>fileRef</key>
			<string>8A344CA617F93AF400B915BA</string>
			<key>isa</key>
			<string>PBXBuildFile</string>
		</dict>
		<key>8A344CBD17F93AF400B915BA</key>
		<dict>
			<key>fileRef</key>
			<string>8A344CA717F93AF400B915BA</string>
			<key>isa</key>
			<string>PBXBuildFile</string>
		</dict>
		<key>8A344CBE17F93AF400B915BA</key>
		<dict>
			<key>fileRef</key>
			<string>8A344CA817F93AF400B915BA</string>
			<key>isa</key>
			<string>PBXBuildFile</string>
		</dict>
		<key>8A344CBF17F93AF400B915BA</key>
		<dict>
			<key>fileRef</key>
			<string>8A344CA917F93AF400B915BA</string>
			<key>isa</key>
			<string>PBXBuildFile</string>
		</dict>
		<key>8A344CC017F93AF400B915BA</key>
		<dict>
			<key>fileRef</key>
			<string>8A344CAA17F93AF400B915BA</string>
			<key>isa</key>
			<string>PBXBuildFile</string>
		</dict>
		<key>8A344CC417F93AF400B915BA</key>
		<dict>
			<key>fileRef</key>
			<string>8A344CAE17F93AF400B915BA</string>
			<key>isa</key>
			<string>PBXBuildFile</string>
		</dict>
		<key>8A50469F180541FF008CD0F6</key>
		<dict>
			<key>fileEncoding</key>
			<string>4</string>
			<key>isa</key>
			<string>PBXFileReference</string>
			<key>lastKnownFileType</key>
			<string>sourcecode.c.h</string>
			<key>path</key>
			<string>PuzzleBlock.h</string>
			<key>sourceTree</key>
			<string>&lt;group&gt;</string>
		</dict>
		<key>8A5046A0180541FF008CD0F6</key>
		<dict>
			<key>fileEncoding</key>
			<string>4</string>
			<key>isa</key>
			<string>PBXFileReference</string>
			<key>lastKnownFileType</key>
			<string>sourcecode.c.objc</string>
			<key>path</key>
			<string>PuzzleBlock.m</string>
			<key>sourceTree</key>
			<string>&lt;group&gt;</string>
		</dict>
		<key>8A5046A1180541FF008CD0F6</key>
		<dict>
			<key>fileRef</key>
			<string>8A5046A0180541FF008CD0F6</string>
			<key>isa</key>
			<string>PBXBuildFile</string>
		</dict>
		<key>8A5046A218054209008CD0F6</key>
		<dict>
			<key>fileEncoding</key>
			<string>4</string>
			<key>isa</key>
			<string>PBXFileReference</string>
			<key>lastKnownFileType</key>
			<string>sourcecode.c.h</string>
			<key>path</key>
			<string>IAPHelper.h</string>
			<key>sourceTree</key>
			<string>&lt;group&gt;</string>
		</dict>
		<key>8A5046A318054209008CD0F6</key>
		<dict>
			<key>fileEncoding</key>
			<string>4</string>
			<key>isa</key>
			<string>PBXFileReference</string>
			<key>lastKnownFileType</key>
			<string>sourcecode.c.objc</string>
			<key>path</key>
			<string>IAPHelper.m</string>
			<key>sourceTree</key>
			<string>&lt;group&gt;</string>
		</dict>
		<key>8A5046A418054209008CD0F6</key>
		<dict>
			<key>fileEncoding</key>
			<string>4</string>
			<key>isa</key>
			<string>PBXFileReference</string>
			<key>lastKnownFileType</key>
			<string>sourcecode.c.h</string>
			<key>path</key>
			<string>MyIAPHelper.h</string>
			<key>sourceTree</key>
			<string>&lt;group&gt;</string>
		</dict>
		<key>8A5046A518054209008CD0F6</key>
		<dict>
			<key>fileEncoding</key>
			<string>4</string>
			<key>isa</key>
			<string>PBXFileReference</string>
			<key>lastKnownFileType</key>
			<string>sourcecode.c.objc</string>
			<key>path</key>
			<string>MyIAPHelper.m</string>
			<key>sourceTree</key>
			<string>&lt;group&gt;</string>
		</dict>
		<key>8A5046A618054209008CD0F6</key>
		<dict>
			<key>fileRef</key>
			<string>8A5046A318054209008CD0F6</string>
			<key>isa</key>
			<string>PBXBuildFile</string>
		</dict>
		<key>8A5046A718054209008CD0F6</key>
		<dict>
			<key>fileRef</key>
			<string>8A5046A518054209008CD0F6</string>
			<key>isa</key>
			<string>PBXBuildFile</string>
		</dict>
		<key>8ADF5D6A17F56D7A00BB6731</key>
		<dict>
			<key>children</key>
			<array>
				<string>8ADF5D7E17F56D7A00BB6731</string>
				<string>8ADF5DA217F56D7B00BB6731</string>
				<string>8ADF5D7517F56D7A00BB6731</string>
				<string>8ADF5D7417F56D7A00BB6731</string>
				<string>59432EA75D1042158360A58A</string>
			</array>
			<key>isa</key>
			<string>PBXGroup</string>
			<key>sourceTree</key>
			<string>&lt;group&gt;</string>
		</dict>
		<key>8ADF5D6B17F56D7A00BB6731</key>
		<dict>
			<key>attributes</key>
			<dict>
				<key>LastUpgradeCheck</key>
				<string>0500</string>
				<key>ORGANIZATIONNAME</key>
				<string>MopCat Games</string>
				<key>TargetAttributes</key>
				<dict>
					<key>8ADF5D9A17F56D7B00BB6731</key>
					<dict>
						<key>TestTargetID</key>
						<string>8ADF5D7217F56D7A00BB6731</string>
					</dict>
				</dict>
			</dict>
			<key>buildConfigurationList</key>
			<string>8ADF5D6E17F56D7A00BB6731</string>
			<key>compatibilityVersion</key>
			<string>Xcode 3.2</string>
			<key>developmentRegion</key>
			<string>English</string>
			<key>hasScannedForEncodings</key>
			<string>0</string>
			<key>isa</key>
			<string>PBXProject</string>
			<key>knownRegions</key>
			<array>
				<string>en</string>
				<string>Base</string>
			</array>
			<key>mainGroup</key>
			<string>8ADF5D6A17F56D7A00BB6731</string>
			<key>productRefGroup</key>
			<string>8ADF5D7417F56D7A00BB6731</string>
			<key>projectDirPath</key>
			<string></string>
			<key>projectReferences</key>
			<array/>
			<key>projectRoot</key>
			<string></string>
			<key>targets</key>
			<array>
				<string>8ADF5D7217F56D7A00BB6731</string>
				<string>8ADF5D9A17F56D7B00BB6731</string>
			</array>
		</dict>
		<key>8ADF5D6E17F56D7A00BB6731</key>
		<dict>
			<key>buildConfigurations</key>
			<array>
				<string>8ADF5DAA17F56D7B00BB6731</string>
				<string>8ADF5DAB17F56D7B00BB6731</string>
			</array>
			<key>defaultConfigurationIsVisible</key>
			<string>0</string>
			<key>defaultConfigurationName</key>
			<string>Release</string>
			<key>isa</key>
			<string>XCConfigurationList</string>
		</dict>
		<key>8ADF5D6F17F56D7A00BB6731</key>
		<dict>
			<key>buildActionMask</key>
			<string>2147483647</string>
			<key>files</key>
			<array>
				<string>8A5046A718054209008CD0F6</string>
				<string>8A5046A618054209008CD0F6</string>
				<string>8ADF5D9217F56D7A00BB6731</string>
				<string>8AFB50521803EE440033585C</string>
				<string>8AFB50551803F39D0033585C</string>
				<string>8ADF5D8F17F56D7A00BB6731</string>
				<string>8ADF5D8917F56D7A00BB6731</string>
				<string>8ADF5DB417F56EDB00BB6731</string>
				<string>8A5046A1180541FF008CD0F6</string>
				<string>8ADF5DB717F56EEB00BB6731</string>
				<string>8ADF5D8517F56D7A00BB6731</string>
			</array>
			<key>isa</key>
			<string>PBXSourcesBuildPhase</string>
			<key>runOnlyForDeploymentPostprocessing</key>
			<string>0</string>
		</dict>
		<key>8ADF5D7017F56D7A00BB6731</key>
		<dict>
			<key>buildActionMask</key>
			<string>2147483647</string>
			<key>files</key>
			<array>
				<string>8ADF5D7917F56D7A00BB6731</string>
				<string>8ADF5D7B17F56D7A00BB6731</string>
				<string>8ADF5D7D17F56D7A00BB6731</string>
				<string>8ADF5D7717F56D7A00BB6731</string>
				<string>A35817BE0D904B7EA02CC4AD</string>
			</array>
			<key>isa</key>
			<string>PBXFrameworksBuildPhase</string>
			<key>runOnlyForDeploymentPostprocessing</key>
			<string>0</string>
		</dict>
		<key>8ADF5D7117F56D7A00BB6731</key>
		<dict>
			<key>buildActionMask</key>
			<string>2147483647</string>
			<key>files</key>
			<array>
				<string>8ADF5E8D17F5730B00BB6731</string>
				<string>8ADF5D8317F56D7A00BB6731</string>
				<string>8ADF5E6D17F5730B00BB6731</string>
				<string>8ADF5E6817F5730B00BB6731</string>
				<string>8ADF5E6417F5730B00BB6731</string>
				<string>8ADF5E7A17F5730B00BB6731</string>
				<string>8ADF5E7417F5730B00BB6731</string>
				<string>8A344CB317F93AF400B915BA</string>
				<string>8A344CB117F93AF400B915BA</string>
				<string>8ADF5E8A17F5730B00BB6731</string>
				<string>8ADF5E7F17F5730B00BB6731</string>
				<string>8ADF5E6B17F5730B00BB6731</string>
				<string>8ADF5E7317F5730B00BB6731</string>
				<string>8ADF5E8917F5730B00BB6731</string>
				<string>8ADF5E6717F5730B00BB6731</string>
				<string>8ADF5E2417F56FB800BB6731</string>
				<string>8ADF5E6517F5730B00BB6731</string>
				<string>8AE8CD2E1807DC29000DD111</string>
				<string>8A344CBC17F93AF400B915BA</string>
				<string>8ADF5E6617F5730B00BB6731</string>
				<string>8ADF5E6C17F5730B00BB6731</string>
				<string>8ADF5E6F17F5730B00BB6731</string>
				<string>8ADF5E9317F5768600BB6731</string>
				<string>8ADF5E7E17F5730B00BB6731</string>
				<string>8ADF5E7717F5730B00BB6731</string>
				<string>8ADF5E8C17F5730B00BB6731</string>
				<string>8ADF5E8317F5730B00BB6731</string>
				<string>8ADF5E6317F5730B00BB6731</string>
				<string>8ADF5E8417F5730B00BB6731</string>
				<string>8ADF5E8517F5730B00BB6731</string>
				<string>8ADF5D9617F56D7A00BB6731</string>
				<string>8A344CBB17F93AF400B915BA</string>
				<string>8ADF5E7217F5730B00BB6731</string>
				<string>8A10496118067E59000511BE</string>
				<string>8ADF5E7117F5730B00BB6731</string>
				<string>8ADF5E8E17F5730B00BB6731</string>
				<string>8A344CC417F93AF400B915BA</string>
				<string>8ADF5E2917F56FB800BB6731</string>
				<string>8A344CB417F93AF400B915BA</string>
				<string>8ADF5E8B17F5730B00BB6731</string>
				<string>8ADF5E9017F5730B00BB6731</string>
				<string>8AE8CD2B1807D909000DD111</string>
				<string>8A344CB017F93AF400B915BA</string>
				<string>8ADF5D8C17F56D7A00BB6731</string>
				<string>8ADF5E8617F5730B00BB6731</string>
				<string>8A344CBF17F93AF400B915BA</string>
				<string>8A344CB217F93AF400B915BA</string>
				<string>8ADF5E9117F5730B00BB6731</string>
				<string>8ADF5E6917F5730B00BB6731</string>
				<string>8A344CB917F93AF400B915BA</string>
				<string>8A344CB717F93AF400B915BA</string>
				<string>8ADF5E8217F5730B00BB6731</string>
				<string>8ADF5E7017F5730B00BB6731</string>
				<string>8ADF5E8017F5730B00BB6731</string>
				<string>8A03E32F1803F8F900F285E6</string>
				<string>8ADF5E8817F5730B00BB6731</string>
				<string>8ADF5E7D17F5730B00BB6731</string>
				<string>8A344CBD17F93AF400B915BA</string>
				<string>8A344CB617F93AF400B915BA</string>
				<string>8ADF5E8717F5730B00BB6731</string>
				<string>8A344CAF17F93AF400B915BA</string>
				<string>8ADF5E7517F5730B00BB6731</string>
				<string>8ADF5E2617F56FB800BB6731</string>
				<string>8ADF5E7617F5730B00BB6731</string>
				<string>8ADF5E2717F56FB800BB6731</string>
				<string>8ADF5E7C17F5730B00BB6731</string>
				<string>8A344CB517F93AF400B915BA</string>
				<string>8ADF5E6A17F5730B00BB6731</string>
				<string>8A344CBA17F93AF400B915BA</string>
				<string>8A10495F18067E59000511BE</string>
				<string>8ADF5E2817F56FB800BB6731</string>
				<string>8ADF5E6E17F5730B00BB6731</string>
				<string>8ADF5E7B17F5730B00BB6731</string>
				<string>8A10496018067E59000511BE</string>
				<string>8ADF5E2517F56FB800BB6731</string>
				<string>8ADF5E8117F5730B00BB6731</string>
				<string>8A344CB817F93AF400B915BA</string>
				<string>8ADF5E6017F5730B00BB6731</string>
				<string>8ADF5E7817F5730B00BB6731</string>
				<string>8A344CBE17F93AF400B915BA</string>
				<string>8ADF5E6217F5730B00BB6731</string>
				<string>8ADF5E7917F5730B00BB6731</string>
				<string>8A344CC017F93AF400B915BA</string>
				<string>8ADF5E6117F5730B00BB6731</string>
			</array>
			<key>isa</key>
			<string>PBXResourcesBuildPhase</string>
			<key>runOnlyForDeploymentPostprocessing</key>
			<string>0</string>
		</dict>
		<key>8ADF5D7217F56D7A00BB6731</key>
		<dict>
			<key>buildConfigurationList</key>
			<string>8ADF5DAC17F56D7B00BB6731</string>
			<key>buildPhases</key>
			<array>
				<string>E1BFFC38102E4A9EAE1C9DD5</string>
				<string>8ADF5D6F17F56D7A00BB6731</string>
				<string>8ADF5D7017F56D7A00BB6731</string>
				<string>8ADF5D7117F56D7A00BB6731</string>
				<string>7F6075C646784F1CB415EA05</string>
			</array>
			<key>buildRules</key>
			<array/>
			<key>dependencies</key>
			<array/>
			<key>isa</key>
			<string>PBXNativeTarget</string>
			<key>name</key>
			<string>Happy Animal Puzzle SK</string>
			<key>productName</key>
			<string>Happy Animal Puzzle SK</string>
			<key>productReference</key>
			<string>8ADF5D7317F56D7A00BB6731</string>
			<key>productType</key>
			<string>com.apple.product-type.application</string>
		</dict>
		<key>8ADF5D7317F56D7A00BB6731</key>
		<dict>
			<key>explicitFileType</key>
			<string>wrapper.application</string>
			<key>includeInIndex</key>
			<string>0</string>
			<key>isa</key>
			<string>PBXFileReference</string>
			<key>path</key>
			<string>Happy Animal Puzzle SK.app</string>
			<key>sourceTree</key>
			<string>BUILT_PRODUCTS_DIR</string>
		</dict>
		<key>8ADF5D7417F56D7A00BB6731</key>
		<dict>
			<key>children</key>
			<array>
				<string>8ADF5D7317F56D7A00BB6731</string>
				<string>8ADF5D9B17F56D7B00BB6731</string>
			</array>
			<key>isa</key>
			<string>PBXGroup</string>
			<key>name</key>
			<string>Products</string>
			<key>sourceTree</key>
			<string>&lt;group&gt;</string>
		</dict>
		<key>8ADF5D7517F56D7A00BB6731</key>
		<dict>
			<key>children</key>
			<array>
				<string>8ADF5D7617F56D7A00BB6731</string>
				<string>8ADF5D7817F56D7A00BB6731</string>
				<string>8ADF5D7A17F56D7A00BB6731</string>
				<string>8ADF5D7C17F56D7A00BB6731</string>
				<string>8ADF5D9C17F56D7B00BB6731</string>
				<string>2E8C6F0411244EF89CA5ED23</string>
			</array>
			<key>isa</key>
			<string>PBXGroup</string>
			<key>name</key>
			<string>Frameworks</string>
			<key>sourceTree</key>
			<string>&lt;group&gt;</string>
		</dict>
		<key>8ADF5D7617F56D7A00BB6731</key>
		<dict>
			<key>isa</key>
			<string>PBXFileReference</string>
			<key>lastKnownFileType</key>
			<string>wrapper.framework</string>
			<key>name</key>
			<string>Foundation.framework</string>
			<key>path</key>
			<string>System/Library/Frameworks/Foundation.framework</string>
			<key>sourceTree</key>
			<string>SDKROOT</string>
		</dict>
		<key>8ADF5D7717F56D7A00BB6731</key>
		<dict>
			<key>fileRef</key>
			<string>8ADF5D7617F56D7A00BB6731</string>
			<key>isa</key>
			<string>PBXBuildFile</string>
		</dict>
		<key>8ADF5D7817F56D7A00BB6731</key>
		<dict>
			<key>isa</key>
			<string>PBXFileReference</string>
			<key>lastKnownFileType</key>
			<string>wrapper.framework</string>
			<key>name</key>
			<string>CoreGraphics.framework</string>
			<key>path</key>
			<string>System/Library/Frameworks/CoreGraphics.framework</string>
			<key>sourceTree</key>
			<string>SDKROOT</string>
		</dict>
		<key>8ADF5D7917F56D7A00BB6731</key>
		<dict>
			<key>fileRef</key>
			<string>8ADF5D7817F56D7A00BB6731</string>
			<key>isa</key>
			<string>PBXBuildFile</string>
		</dict>
		<key>8ADF5D7A17F56D7A00BB6731</key>
		<dict>
			<key>isa</key>
			<string>PBXFileReference</string>
			<key>lastKnownFileType</key>
			<string>wrapper.framework</string>
			<key>name</key>
			<string>UIKit.framework</string>
			<key>path</key>
			<string>System/Library/Frameworks/UIKit.framework</string>
			<key>sourceTree</key>
			<string>SDKROOT</string>
		</dict>
		<key>8ADF5D7B17F56D7A00BB6731</key>
		<dict>
			<key>fileRef</key>
			<string>8ADF5D7A17F56D7A00BB6731</string>
			<key>isa</key>
			<string>PBXBuildFile</string>
		</dict>
		<key>8ADF5D7C17F56D7A00BB6731</key>
		<dict>
			<key>isa</key>
			<string>PBXFileReference</string>
			<key>lastKnownFileType</key>
			<string>wrapper.framework</string>
			<key>name</key>
			<string>SpriteKit.framework</string>
			<key>path</key>
			<string>System/Library/Frameworks/SpriteKit.framework</string>
			<key>sourceTree</key>
			<string>SDKROOT</string>
		</dict>
		<key>8ADF5D7D17F56D7A00BB6731</key>
		<dict>
			<key>fileRef</key>
			<string>8ADF5D7C17F56D7A00BB6731</string>
			<key>isa</key>
			<string>PBXBuildFile</string>
		</dict>
		<key>8ADF5D7E17F56D7A00BB6731</key>
		<dict>
			<key>children</key>
			<array>
				<string>8ADF5D8717F56D7A00BB6731</string>
				<string>8ADF5D8817F56D7A00BB6731</string>
				<string>8ADF5D8A17F56D7A00BB6731</string>
				<string>8ADF5D8D17F56D7A00BB6731</string>
				<string>8ADF5D8E17F56D7A00BB6731</string>
				<string>8AFB50501803EE440033585C</string>
				<string>8AFB50511803EE440033585C</string>
				<string>8ADF5D9017F56D7A00BB6731</string>
				<string>8ADF5D9117F56D7A00BB6731</string>
				<string>8ADF5DB217F56EDB00BB6731</string>
				<string>8ADF5DB317F56EDB00BB6731</string>
				<string>8ADF5DB517F56EEB00BB6731</string>
				<string>8ADF5DB617F56EEB00BB6731</string>
				<string>8AFB50531803F39D0033585C</string>
				<string>8AFB50541803F39D0033585C</string>
				<string>8A50469F180541FF008CD0F6</string>
				<string>8A5046A0180541FF008CD0F6</string>
				<string>8A5046A218054209008CD0F6</string>
				<string>8A5046A318054209008CD0F6</string>
				<string>8A5046A418054209008CD0F6</string>
				<string>8A5046A518054209008CD0F6</string>
				<string>8AE8CD2A1807D909000DD111</string>
				<string>8AE8CD2C1807DC29000DD111</string>
				<string>8ADF5D9517F56D7A00BB6731</string>
				<string>8A344C9817F93AF400B915BA</string>
				<string>8ADF5DB817F56FB700BB6731</string>
				<string>8ADF5DEC17F56FB800BB6731</string>
				<string>8ADF5D7F17F56D7A00BB6731</string>
			</array>
			<key>isa</key>
			<string>PBXGroup</string>
			<key>path</key>
			<string>Happy Animal Puzzle SK</string>
			<key>sourceTree</key>
			<string>&lt;group&gt;</string>
		</dict>
		<key>8ADF5D7F17F56D7A00BB6731</key>
		<dict>
			<key>children</key>
			<array>
				<string>8ADF5D8017F56D7A00BB6731</string>
				<string>8ADF5D8117F56D7A00BB6731</string>
				<string>8ADF5D8417F56D7A00BB6731</string>
				<string>8ADF5D8617F56D7A00BB6731</string>
			</array>
			<key>isa</key>
			<string>PBXGroup</string>
			<key>name</key>
			<string>Supporting Files</string>
			<key>sourceTree</key>
			<string>&lt;group&gt;</string>
		</dict>
		<key>8ADF5D8017F56D7A00BB6731</key>
		<dict>
			<key>isa</key>
			<string>PBXFileReference</string>
			<key>lastKnownFileType</key>
			<string>text.plist.xml</string>
			<key>path</key>
			<string>Happy Animal Puzzle SK-Info.plist</string>
			<key>sourceTree</key>
			<string>&lt;group&gt;</string>
		</dict>
		<key>8ADF5D8117F56D7A00BB6731</key>
		<dict>
			<key>children</key>
			<array>
				<string>8ADF5D8217F56D7A00BB6731</string>
			</array>
			<key>isa</key>
			<string>PBXVariantGroup</string>
			<key>name</key>
			<string>InfoPlist.strings</string>
			<key>sourceTree</key>
			<string>&lt;group&gt;</string>
		</dict>
		<key>8ADF5D8217F56D7A00BB6731</key>
		<dict>
			<key>isa</key>
			<string>PBXFileReference</string>
			<key>lastKnownFileType</key>
			<string>text.plist.strings</string>
			<key>name</key>
			<string>en</string>
			<key>path</key>
			<string>en.lproj/InfoPlist.strings</string>
			<key>sourceTree</key>
			<string>&lt;group&gt;</string>
		</dict>
		<key>8ADF5D8317F56D7A00BB6731</key>
		<dict>
			<key>fileRef</key>
			<string>8ADF5D8117F56D7A00BB6731</string>
			<key>isa</key>
			<string>PBXBuildFile</string>
		</dict>
		<key>8ADF5D8417F56D7A00BB6731</key>
		<dict>
			<key>isa</key>
			<string>PBXFileReference</string>
			<key>lastKnownFileType</key>
			<string>sourcecode.c.objc</string>
			<key>path</key>
			<string>main.m</string>
			<key>sourceTree</key>
			<string>&lt;group&gt;</string>
		</dict>
		<key>8ADF5D8517F56D7A00BB6731</key>
		<dict>
			<key>fileRef</key>
			<string>8ADF5D8417F56D7A00BB6731</string>
			<key>isa</key>
			<string>PBXBuildFile</string>
		</dict>
		<key>8ADF5D8617F56D7A00BB6731</key>
		<dict>
			<key>isa</key>
			<string>PBXFileReference</string>
			<key>lastKnownFileType</key>
			<string>sourcecode.c.h</string>
			<key>path</key>
			<string>Happy Animal Puzzle SK-Prefix.pch</string>
			<key>sourceTree</key>
			<string>&lt;group&gt;</string>
		</dict>
		<key>8ADF5D8717F56D7A00BB6731</key>
		<dict>
			<key>isa</key>
			<string>PBXFileReference</string>
			<key>lastKnownFileType</key>
			<string>sourcecode.c.h</string>
			<key>path</key>
			<string>AppDelegate.h</string>
			<key>sourceTree</key>
			<string>&lt;group&gt;</string>
		</dict>
		<key>8ADF5D8817F56D7A00BB6731</key>
		<dict>
			<key>isa</key>
			<string>PBXFileReference</string>
			<key>lastKnownFileType</key>
			<string>sourcecode.c.objc</string>
			<key>path</key>
			<string>AppDelegate.m</string>
			<key>sourceTree</key>
			<string>&lt;group&gt;</string>
		</dict>
		<key>8ADF5D8917F56D7A00BB6731</key>
		<dict>
			<key>fileRef</key>
			<string>8ADF5D8817F56D7A00BB6731</string>
			<key>isa</key>
			<string>PBXBuildFile</string>
		</dict>
		<key>8ADF5D8A17F56D7A00BB6731</key>
		<dict>
			<key>children</key>
			<array>
				<string>8ADF5D8B17F56D7A00BB6731</string>
			</array>
			<key>isa</key>
			<string>PBXVariantGroup</string>
			<key>name</key>
			<string>Main.storyboard</string>
			<key>sourceTree</key>
			<string>&lt;group&gt;</string>
		</dict>
		<key>8ADF5D8B17F56D7A00BB6731</key>
		<dict>
			<key>isa</key>
			<string>PBXFileReference</string>
			<key>lastKnownFileType</key>
			<string>file.storyboard</string>
			<key>name</key>
			<string>Base</string>
			<key>path</key>
			<string>Base.lproj/Main.storyboard</string>
			<key>sourceTree</key>
			<string>&lt;group&gt;</string>
		</dict>
		<key>8ADF5D8C17F56D7A00BB6731</key>
		<dict>
			<key>fileRef</key>
			<string>8ADF5D8A17F56D7A00BB6731</string>
			<key>isa</key>
			<string>PBXBuildFile</string>
		</dict>
		<key>8ADF5D8D17F56D7A00BB6731</key>
		<dict>
			<key>isa</key>
			<string>PBXFileReference</string>
			<key>lastKnownFileType</key>
			<string>sourcecode.c.h</string>
			<key>path</key>
			<string>ViewController.h</string>
			<key>sourceTree</key>
			<string>&lt;group&gt;</string>
		</dict>
		<key>8ADF5D8E17F56D7A00BB6731</key>
		<dict>
			<key>isa</key>
			<string>PBXFileReference</string>
			<key>lastKnownFileType</key>
			<string>sourcecode.c.objc</string>
			<key>path</key>
			<string>ViewController.m</string>
			<key>sourceTree</key>
			<string>&lt;group&gt;</string>
		</dict>
		<key>8ADF5D8F17F56D7A00BB6731</key>
		<dict>
			<key>fileRef</key>
			<string>8ADF5D8E17F56D7A00BB6731</string>
			<key>isa</key>
			<string>PBXBuildFile</string>
		</dict>
		<key>8ADF5D9017F56D7A00BB6731</key>
		<dict>
			<key>isa</key>
			<string>PBXFileReference</string>
			<key>lastKnownFileType</key>
			<string>sourcecode.c.h</string>
			<key>path</key>
			<string>MenuScene.h</string>
			<key>sourceTree</key>
			<string>&lt;group&gt;</string>
		</dict>
		<key>8ADF5D9117F56D7A00BB6731</key>
		<dict>
			<key>isa</key>
			<string>PBXFileReference</string>
			<key>lastKnownFileType</key>
			<string>sourcecode.c.objc</string>
			<key>path</key>
			<string>MenuScene.m</string>
			<key>sourceTree</key>
			<string>&lt;group&gt;</string>
		</dict>
		<key>8ADF5D9217F56D7A00BB6731</key>
		<dict>
			<key>fileRef</key>
			<string>8ADF5D9117F56D7A00BB6731</string>
			<key>isa</key>
			<string>PBXBuildFile</string>
		</dict>
		<key>8ADF5D9517F56D7A00BB6731</key>
		<dict>
			<key>isa</key>
			<string>PBXFileReference</string>
			<key>lastKnownFileType</key>
			<string>folder.assetcatalog</string>
			<key>path</key>
			<string>Images.xcassets</string>
			<key>sourceTree</key>
			<string>&lt;group&gt;</string>
		</dict>
		<key>8ADF5D9617F56D7A00BB6731</key>
		<dict>
			<key>fileRef</key>
			<string>8ADF5D9517F56D7A00BB6731</string>
			<key>isa</key>
			<string>PBXBuildFile</string>
		</dict>
		<key>8ADF5D9717F56D7B00BB6731</key>
		<dict>
			<key>buildActionMask</key>
			<string>2147483647</string>
			<key>files</key>
			<array>
				<string>8ADF5DA917F56D7B00BB6731</string>
			</array>
			<key>isa</key>
			<string>PBXSourcesBuildPhase</string>
			<key>runOnlyForDeploymentPostprocessing</key>
			<string>0</string>
		</dict>
		<key>8ADF5D9817F56D7B00BB6731</key>
		<dict>
			<key>buildActionMask</key>
			<string>2147483647</string>
			<key>files</key>
			<array>
				<string>8ADF5D9D17F56D7B00BB6731</string>
				<string>8ADF5D9F17F56D7B00BB6731</string>
				<string>8ADF5D9E17F56D7B00BB6731</string>
			</array>
			<key>isa</key>
			<string>PBXFrameworksBuildPhase</string>
			<key>runOnlyForDeploymentPostprocessing</key>
			<string>0</string>
		</dict>
		<key>8ADF5D9917F56D7B00BB6731</key>
		<dict>
			<key>buildActionMask</key>
			<string>2147483647</string>
			<key>files</key>
			<array>
				<string>8ADF5DA717F56D7B00BB6731</string>
			</array>
			<key>isa</key>
			<string>PBXResourcesBuildPhase</string>
			<key>runOnlyForDeploymentPostprocessing</key>
			<string>0</string>
		</dict>
		<key>8ADF5D9A17F56D7B00BB6731</key>
		<dict>
			<key>buildConfigurationList</key>
			<string>8ADF5DAF17F56D7B00BB6731</string>
			<key>buildPhases</key>
			<array>
				<string>8ADF5D9717F56D7B00BB6731</string>
				<string>8ADF5D9817F56D7B00BB6731</string>
				<string>8ADF5D9917F56D7B00BB6731</string>
			</array>
			<key>buildRules</key>
			<array/>
			<key>dependencies</key>
			<array>
				<string>8ADF5DA117F56D7B00BB6731</string>
			</array>
			<key>isa</key>
			<string>PBXNativeTarget</string>
			<key>name</key>
			<string>Happy Animal Puzzle SKTests</string>
			<key>productName</key>
			<string>Happy Animal Puzzle SKTests</string>
			<key>productReference</key>
			<string>8ADF5D9B17F56D7B00BB6731</string>
			<key>productType</key>
			<string>com.apple.product-type.bundle.unit-test</string>
		</dict>
		<key>8ADF5D9B17F56D7B00BB6731</key>
		<dict>
			<key>explicitFileType</key>
			<string>wrapper.cfbundle</string>
			<key>includeInIndex</key>
			<string>0</string>
			<key>isa</key>
			<string>PBXFileReference</string>
			<key>path</key>
			<string>Happy Animal Puzzle SKTests.xctest</string>
			<key>sourceTree</key>
			<string>BUILT_PRODUCTS_DIR</string>
		</dict>
		<key>8ADF5D9C17F56D7B00BB6731</key>
		<dict>
			<key>isa</key>
			<string>PBXFileReference</string>
			<key>lastKnownFileType</key>
			<string>wrapper.framework</string>
			<key>name</key>
			<string>XCTest.framework</string>
			<key>path</key>
			<string>Library/Frameworks/XCTest.framework</string>
			<key>sourceTree</key>
			<string>DEVELOPER_DIR</string>
		</dict>
		<key>8ADF5D9D17F56D7B00BB6731</key>
		<dict>
			<key>fileRef</key>
			<string>8ADF5D9C17F56D7B00BB6731</string>
			<key>isa</key>
			<string>PBXBuildFile</string>
		</dict>
		<key>8ADF5D9E17F56D7B00BB6731</key>
		<dict>
			<key>fileRef</key>
			<string>8ADF5D7617F56D7A00BB6731</string>
			<key>isa</key>
			<string>PBXBuildFile</string>
		</dict>
		<key>8ADF5D9F17F56D7B00BB6731</key>
		<dict>
			<key>fileRef</key>
			<string>8ADF5D7A17F56D7A00BB6731</string>
			<key>isa</key>
			<string>PBXBuildFile</string>
		</dict>
		<key>8ADF5DA017F56D7B00BB6731</key>
		<dict>
			<key>containerPortal</key>
			<string>8ADF5D6B17F56D7A00BB6731</string>
			<key>isa</key>
			<string>PBXContainerItemProxy</string>
			<key>proxyType</key>
			<string>1</string>
			<key>remoteGlobalIDString</key>
			<string>8ADF5D7217F56D7A00BB6731</string>
			<key>remoteInfo</key>
			<string>Happy Animal Puzzle SK</string>
		</dict>
		<key>8ADF5DA117F56D7B00BB6731</key>
		<dict>
			<key>isa</key>
			<string>PBXTargetDependency</string>
			<key>target</key>
			<string>8ADF5D7217F56D7A00BB6731</string>
			<key>targetProxy</key>
			<string>8ADF5DA017F56D7B00BB6731</string>
		</dict>
		<key>8ADF5DA217F56D7B00BB6731</key>
		<dict>
			<key>children</key>
			<array>
				<string>8ADF5DA817F56D7B00BB6731</string>
				<string>8ADF5DA317F56D7B00BB6731</string>
			</array>
			<key>isa</key>
			<string>PBXGroup</string>
			<key>path</key>
			<string>Happy Animal Puzzle SKTests</string>
			<key>sourceTree</key>
			<string>&lt;group&gt;</string>
		</dict>
		<key>8ADF5DA317F56D7B00BB6731</key>
		<dict>
			<key>children</key>
			<array>
				<string>8ADF5DA417F56D7B00BB6731</string>
				<string>8ADF5DA517F56D7B00BB6731</string>
			</array>
			<key>isa</key>
			<string>PBXGroup</string>
			<key>name</key>
			<string>Supporting Files</string>
			<key>sourceTree</key>
			<string>&lt;group&gt;</string>
		</dict>
		<key>8ADF5DA417F56D7B00BB6731</key>
		<dict>
			<key>isa</key>
			<string>PBXFileReference</string>
			<key>lastKnownFileType</key>
			<string>text.plist.xml</string>
			<key>path</key>
			<string>Happy Animal Puzzle SKTests-Info.plist</string>
			<key>sourceTree</key>
			<string>&lt;group&gt;</string>
		</dict>
		<key>8ADF5DA517F56D7B00BB6731</key>
		<dict>
			<key>children</key>
			<array>
				<string>8ADF5DA617F56D7B00BB6731</string>
			</array>
			<key>isa</key>
			<string>PBXVariantGroup</string>
			<key>name</key>
			<string>InfoPlist.strings</string>
			<key>sourceTree</key>
			<string>&lt;group&gt;</string>
		</dict>
		<key>8ADF5DA617F56D7B00BB6731</key>
		<dict>
			<key>isa</key>
			<string>PBXFileReference</string>
			<key>lastKnownFileType</key>
			<string>text.plist.strings</string>
			<key>name</key>
			<string>en</string>
			<key>path</key>
			<string>en.lproj/InfoPlist.strings</string>
			<key>sourceTree</key>
			<string>&lt;group&gt;</string>
		</dict>
		<key>8ADF5DA717F56D7B00BB6731</key>
		<dict>
			<key>fileRef</key>
			<string>8ADF5DA517F56D7B00BB6731</string>
			<key>isa</key>
			<string>PBXBuildFile</string>
		</dict>
		<key>8ADF5DA817F56D7B00BB6731</key>
		<dict>
			<key>isa</key>
			<string>PBXFileReference</string>
			<key>lastKnownFileType</key>
			<string>sourcecode.c.objc</string>
			<key>path</key>
			<string>Happy_Animal_Puzzle_SKTests.m</string>
			<key>sourceTree</key>
			<string>&lt;group&gt;</string>
		</dict>
		<key>8ADF5DA917F56D7B00BB6731</key>
		<dict>
			<key>fileRef</key>
			<string>8ADF5DA817F56D7B00BB6731</string>
			<key>isa</key>
			<string>PBXBuildFile</string>
		</dict>
		<key>8ADF5DAA17F56D7B00BB6731</key>
		<dict>
			<key>buildSettings</key>
			<dict>
				<key>ALWAYS_SEARCH_USER_PATHS</key>
				<string>NO</string>
				<key>ARCHS</key>
				<string>$(ARCHS_STANDARD_INCLUDING_64_BIT)</string>
				<key>CLANG_CXX_LANGUAGE_STANDARD</key>
				<string>gnu++0x</string>
				<key>CLANG_CXX_LIBRARY</key>
				<string>libc++</string>
				<key>CLANG_ENABLE_MODULES</key>
				<string>YES</string>
				<key>CLANG_ENABLE_OBJC_ARC</key>
				<string>YES</string>
				<key>CLANG_WARN_BOOL_CONVERSION</key>
				<string>YES</string>
				<key>CLANG_WARN_CONSTANT_CONVERSION</key>
				<string>YES</string>
				<key>CLANG_WARN_DIRECT_OBJC_ISA_USAGE</key>
				<string>YES_ERROR</string>
				<key>CLANG_WARN_EMPTY_BODY</key>
				<string>YES</string>
				<key>CLANG_WARN_ENUM_CONVERSION</key>
				<string>YES</string>
				<key>CLANG_WARN_INT_CONVERSION</key>
				<string>YES</string>
				<key>CLANG_WARN_OBJC_ROOT_CLASS</key>
				<string>YES_ERROR</string>
				<key>CLANG_WARN__DUPLICATE_METHOD_MATCH</key>
				<string>YES</string>
				<key>CODE_SIGN_IDENTITY[sdk=iphoneos*]</key>
				<string>iPhone Developer</string>
				<key>COPY_PHASE_STRIP</key>
				<string>NO</string>
				<key>GCC_C_LANGUAGE_STANDARD</key>
				<string>gnu99</string>
				<key>GCC_DYNAMIC_NO_PIC</key>
				<string>NO</string>
				<key>GCC_OPTIMIZATION_LEVEL</key>
				<string>0</string>
				<key>GCC_PREPROCESSOR_DEFINITIONS</key>
				<array>
					<string>DEBUG=1</string>
					<string>$(inherited)</string>
				</array>
				<key>GCC_SYMBOLS_PRIVATE_EXTERN</key>
				<string>NO</string>
				<key>GCC_WARN_64_TO_32_BIT_CONVERSION</key>
				<string>YES</string>
				<key>GCC_WARN_ABOUT_RETURN_TYPE</key>
				<string>YES_ERROR</string>
				<key>GCC_WARN_UNDECLARED_SELECTOR</key>
				<string>YES</string>
				<key>GCC_WARN_UNINITIALIZED_AUTOS</key>
				<string>YES</string>
				<key>GCC_WARN_UNUSED_FUNCTION</key>
				<string>YES</string>
				<key>GCC_WARN_UNUSED_VARIABLE</key>
				<string>YES</string>
				<key>IPHONEOS_DEPLOYMENT_TARGET</key>
				<string>7.0</string>
				<key>ONLY_ACTIVE_ARCH</key>
				<string>YES</string>
				<key>SDKROOT</key>
				<string>iphoneos</string>
				<key>TARGETED_DEVICE_FAMILY</key>
				<string>2</string>
			</dict>
			<key>isa</key>
			<string>XCBuildConfiguration</string>
			<key>name</key>
			<string>Debug</string>
		</dict>
		<key>8ADF5DAB17F56D7B00BB6731</key>
		<dict>
			<key>buildSettings</key>
			<dict>
				<key>ALWAYS_SEARCH_USER_PATHS</key>
				<string>NO</string>
				<key>ARCHS</key>
				<string>$(ARCHS_STANDARD_INCLUDING_64_BIT)</string>
				<key>CLANG_CXX_LANGUAGE_STANDARD</key>
				<string>gnu++0x</string>
				<key>CLANG_CXX_LIBRARY</key>
				<string>libc++</string>
				<key>CLANG_ENABLE_MODULES</key>
				<string>YES</string>
				<key>CLANG_ENABLE_OBJC_ARC</key>
				<string>YES</string>
				<key>CLANG_WARN_BOOL_CONVERSION</key>
				<string>YES</string>
				<key>CLANG_WARN_CONSTANT_CONVERSION</key>
				<string>YES</string>
				<key>CLANG_WARN_DIRECT_OBJC_ISA_USAGE</key>
				<string>YES_ERROR</string>
				<key>CLANG_WARN_EMPTY_BODY</key>
				<string>YES</string>
				<key>CLANG_WARN_ENUM_CONVERSION</key>
				<string>YES</string>
				<key>CLANG_WARN_INT_CONVERSION</key>
				<string>YES</string>
				<key>CLANG_WARN_OBJC_ROOT_CLASS</key>
				<string>YES_ERROR</string>
				<key>CLANG_WARN__DUPLICATE_METHOD_MATCH</key>
				<string>YES</string>
				<key>CODE_SIGN_IDENTITY[sdk=iphoneos*]</key>
				<string>iPhone Developer</string>
				<key>COPY_PHASE_STRIP</key>
				<string>YES</string>
				<key>ENABLE_NS_ASSERTIONS</key>
				<string>NO</string>
				<key>GCC_C_LANGUAGE_STANDARD</key>
				<string>gnu99</string>
				<key>GCC_WARN_64_TO_32_BIT_CONVERSION</key>
				<string>YES</string>
				<key>GCC_WARN_ABOUT_RETURN_TYPE</key>
				<string>YES_ERROR</string>
				<key>GCC_WARN_UNDECLARED_SELECTOR</key>
				<string>YES</string>
				<key>GCC_WARN_UNINITIALIZED_AUTOS</key>
				<string>YES</string>
				<key>GCC_WARN_UNUSED_FUNCTION</key>
				<string>YES</string>
				<key>GCC_WARN_UNUSED_VARIABLE</key>
				<string>YES</string>
				<key>IPHONEOS_DEPLOYMENT_TARGET</key>
				<string>7.0</string>
				<key>SDKROOT</key>
				<string>iphoneos</string>
				<key>TARGETED_DEVICE_FAMILY</key>
				<string>2</string>
				<key>VALIDATE_PRODUCT</key>
				<string>YES</string>
			</dict>
			<key>isa</key>
			<string>XCBuildConfiguration</string>
			<key>name</key>
			<string>Release</string>
		</dict>
		<key>8ADF5DAC17F56D7B00BB6731</key>
		<dict>
			<key>buildConfigurations</key>
			<array>
				<string>8ADF5DAD17F56D7B00BB6731</string>
				<string>8ADF5DAE17F56D7B00BB6731</string>
			</array>
			<key>defaultConfigurationIsVisible</key>
			<string>0</string>
			<key>defaultConfigurationName</key>
			<string>Release</string>
			<key>isa</key>
			<string>XCConfigurationList</string>
		</dict>
		<key>8ADF5DAD17F56D7B00BB6731</key>
		<dict>
			<key>baseConfigurationReference</key>
			<string>59432EA75D1042158360A58A</string>
			<key>buildSettings</key>
			<dict>
				<key>ASSETCATALOG_COMPILER_APPICON_NAME</key>
				<string>AppIcon</string>
				<key>ASSETCATALOG_COMPILER_LAUNCHIMAGE_NAME</key>
				<string>LaunchImage</string>
				<key>GCC_PRECOMPILE_PREFIX_HEADER</key>
				<string>YES</string>
				<key>GCC_PREFIX_HEADER</key>
				<string>Happy Animal Puzzle SK/Happy Animal Puzzle SK-Prefix.pch</string>
				<key>INFOPLIST_FILE</key>
				<string>Happy Animal Puzzle SK/Happy Animal Puzzle SK-Info.plist</string>
				<key>PRODUCT_NAME</key>
				<string>$(TARGET_NAME)</string>
				<key>SPRITEKIT_TEXTURE_ATLAS_OUTPUT</key>
				<string>YES</string>
				<key>WRAPPER_EXTENSION</key>
				<string>app</string>
			</dict>
			<key>isa</key>
			<string>XCBuildConfiguration</string>
			<key>name</key>
			<string>Debug</string>
		</dict>
		<key>8ADF5DAE17F56D7B00BB6731</key>
		<dict>
			<key>baseConfigurationReference</key>
			<string>59432EA75D1042158360A58A</string>
			<key>buildSettings</key>
			<dict>
				<key>ASSETCATALOG_COMPILER_APPICON_NAME</key>
				<string>AppIcon</string>
				<key>ASSETCATALOG_COMPILER_LAUNCHIMAGE_NAME</key>
				<string>LaunchImage</string>
				<key>GCC_PRECOMPILE_PREFIX_HEADER</key>
				<string>YES</string>
				<key>GCC_PREFIX_HEADER</key>
				<string>Happy Animal Puzzle SK/Happy Animal Puzzle SK-Prefix.pch</string>
				<key>INFOPLIST_FILE</key>
				<string>Happy Animal Puzzle SK/Happy Animal Puzzle SK-Info.plist</string>
				<key>PRODUCT_NAME</key>
				<string>$(TARGET_NAME)</string>
				<key>SPRITEKIT_TEXTURE_ATLAS_OUTPUT</key>
				<string>YES</string>
				<key>WRAPPER_EXTENSION</key>
				<string>app</string>
			</dict>
			<key>isa</key>
			<string>XCBuildConfiguration</string>
			<key>name</key>
			<string>Release</string>
		</dict>
		<key>8ADF5DAF17F56D7B00BB6731</key>
		<dict>
			<key>buildConfigurations</key>
			<array>
				<string>8ADF5DB017F56D7B00BB6731</string>
				<string>8ADF5DB117F56D7B00BB6731</string>
			</array>
			<key>defaultConfigurationIsVisible</key>
			<string>0</string>
			<key>defaultConfigurationName</key>
			<string>Release</string>
			<key>isa</key>
			<string>XCConfigurationList</string>
		</dict>
		<key>8ADF5DB017F56D7B00BB6731</key>
		<dict>
			<key>buildSettings</key>
			<dict>
				<key>ARCHS</key>
				<string>$(ARCHS_STANDARD_INCLUDING_64_BIT)</string>
				<key>BUNDLE_LOADER</key>
				<string>$(BUILT_PRODUCTS_DIR)/Happy Animal Puzzle SK.app/Happy Animal Puzzle SK</string>
				<key>FRAMEWORK_SEARCH_PATHS</key>
				<array>
					<string>$(SDKROOT)/Developer/Library/Frameworks</string>
					<string>$(inherited)</string>
					<string>$(DEVELOPER_FRAMEWORKS_DIR)</string>
				</array>
				<key>GCC_PRECOMPILE_PREFIX_HEADER</key>
				<string>YES</string>
				<key>GCC_PREFIX_HEADER</key>
				<string>Happy Animal Puzzle SK/Happy Animal Puzzle SK-Prefix.pch</string>
				<key>GCC_PREPROCESSOR_DEFINITIONS</key>
				<array>
					<string>DEBUG=1</string>
					<string>$(inherited)</string>
				</array>
				<key>INFOPLIST_FILE</key>
				<string>Happy Animal Puzzle SKTests/Happy Animal Puzzle SKTests-Info.plist</string>
				<key>PRODUCT_NAME</key>
				<string>$(TARGET_NAME)</string>
				<key>TEST_HOST</key>
				<string>$(BUNDLE_LOADER)</string>
				<key>WRAPPER_EXTENSION</key>
				<string>xctest</string>
			</dict>
			<key>isa</key>
			<string>XCBuildConfiguration</string>
			<key>name</key>
			<string>Debug</string>
		</dict>
		<key>8ADF5DB117F56D7B00BB6731</key>
		<dict>
			<key>buildSettings</key>
			<dict>
				<key>ARCHS</key>
				<string>$(ARCHS_STANDARD_INCLUDING_64_BIT)</string>
				<key>BUNDLE_LOADER</key>
				<string>$(BUILT_PRODUCTS_DIR)/Happy Animal Puzzle SK.app/Happy Animal Puzzle SK</string>
				<key>FRAMEWORK_SEARCH_PATHS</key>
				<array>
					<string>$(SDKROOT)/Developer/Library/Frameworks</string>
					<string>$(inherited)</string>
					<string>$(DEVELOPER_FRAMEWORKS_DIR)</string>
				</array>
				<key>GCC_PRECOMPILE_PREFIX_HEADER</key>
				<string>YES</string>
				<key>GCC_PREFIX_HEADER</key>
				<string>Happy Animal Puzzle SK/Happy Animal Puzzle SK-Prefix.pch</string>
				<key>INFOPLIST_FILE</key>
				<string>Happy Animal Puzzle SKTests/Happy Animal Puzzle SKTests-Info.plist</string>
				<key>PRODUCT_NAME</key>
				<string>$(TARGET_NAME)</string>
				<key>TEST_HOST</key>
				<string>$(BUNDLE_LOADER)</string>
				<key>WRAPPER_EXTENSION</key>
				<string>xctest</string>
			</dict>
			<key>isa</key>
			<string>XCBuildConfiguration</string>
			<key>name</key>
			<string>Release</string>
		</dict>
		<key>8ADF5DB217F56EDB00BB6731</key>
		<dict>
			<key>fileEncoding</key>
			<string>4</string>
			<key>isa</key>
			<string>PBXFileReference</string>
			<key>lastKnownFileType</key>
			<string>sourcecode.c.h</string>
			<key>path</key>
			<string>BookScene.h</string>
			<key>sourceTree</key>
			<string>&lt;group&gt;</string>
		</dict>
		<key>8ADF5DB317F56EDB00BB6731</key>
		<dict>
			<key>fileEncoding</key>
			<string>4</string>
			<key>isa</key>
			<string>PBXFileReference</string>
			<key>lastKnownFileType</key>
			<string>sourcecode.c.objc</string>
			<key>path</key>
			<string>BookScene.m</string>
			<key>sourceTree</key>
			<string>&lt;group&gt;</string>
		</dict>
		<key>8ADF5DB417F56EDB00BB6731</key>
		<dict>
			<key>fileRef</key>
			<string>8ADF5DB317F56EDB00BB6731</string>
			<key>isa</key>
			<string>PBXBuildFile</string>
		</dict>
		<key>8ADF5DB517F56EEB00BB6731</key>
		<dict>
			<key>fileEncoding</key>
			<string>4</string>
			<key>isa</key>
			<string>PBXFileReference</string>
			<key>lastKnownFileType</key>
			<string>sourcecode.c.h</string>
			<key>path</key>
			<string>GameScene.h</string>
			<key>sourceTree</key>
			<string>&lt;group&gt;</string>
		</dict>
		<key>8ADF5DB617F56EEB00BB6731</key>
		<dict>
			<key>fileEncoding</key>
			<string>4</string>
			<key>isa</key>
			<string>PBXFileReference</string>
			<key>lastKnownFileType</key>
			<string>sourcecode.c.objc</string>
			<key>path</key>
			<string>GameScene.m</string>
			<key>sourceTree</key>
			<string>&lt;group&gt;</string>
		</dict>
		<key>8ADF5DB717F56EEB00BB6731</key>
		<dict>
			<key>fileRef</key>
			<string>8ADF5DB617F56EEB00BB6731</string>
			<key>isa</key>
			<string>PBXBuildFile</string>
		</dict>
		<key>8ADF5DB817F56FB700BB6731</key>
		<dict>
			<key>children</key>
			<array>
				<string>8A03E32E1803F8F900F285E6</string>
				<string>8ADF5E2E17F5730B00BB6731</string>
				<string>8ADF5E2F17F5730B00BB6731</string>
				<string>8ADF5E3017F5730B00BB6731</string>
				<string>8ADF5E3117F5730B00BB6731</string>
				<string>8ADF5E3217F5730B00BB6731</string>
				<string>8ADF5E3317F5730B00BB6731</string>
				<string>8ADF5E3417F5730B00BB6731</string>
				<string>8ADF5E3517F5730B00BB6731</string>
				<string>8ADF5E3617F5730B00BB6731</string>
				<string>8ADF5E3717F5730B00BB6731</string>
				<string>8ADF5E3817F5730B00BB6731</string>
				<string>8ADF5E3917F5730B00BB6731</string>
				<string>8ADF5E3A17F5730B00BB6731</string>
				<string>8ADF5E3B17F5730B00BB6731</string>
				<string>8ADF5E3C17F5730B00BB6731</string>
				<string>8ADF5E3D17F5730B00BB6731</string>
				<string>8ADF5E3E17F5730B00BB6731</string>
				<string>8ADF5E3F17F5730B00BB6731</string>
				<string>8ADF5E4017F5730B00BB6731</string>
				<string>8ADF5E4117F5730B00BB6731</string>
				<string>8ADF5E4217F5730B00BB6731</string>
				<string>8ADF5E4317F5730B00BB6731</string>
				<string>8ADF5E4417F5730B00BB6731</string>
				<string>8ADF5E4517F5730B00BB6731</string>
				<string>8ADF5E4617F5730B00BB6731</string>
				<string>8ADF5E4717F5730B00BB6731</string>
				<string>8ADF5E4817F5730B00BB6731</string>
				<string>8ADF5E4917F5730B00BB6731</string>
				<string>8ADF5E4A17F5730B00BB6731</string>
				<string>8ADF5E4B17F5730B00BB6731</string>
				<string>8ADF5E4C17F5730B00BB6731</string>
				<string>8ADF5E4D17F5730B00BB6731</string>
				<string>8ADF5E4E17F5730B00BB6731</string>
				<string>8ADF5E4F17F5730B00BB6731</string>
				<string>8ADF5E5017F5730B00BB6731</string>
				<string>8ADF5E5117F5730B00BB6731</string>
				<string>8ADF5E5217F5730B00BB6731</string>
				<string>8ADF5E5317F5730B00BB6731</string>
				<string>8ADF5E5417F5730B00BB6731</string>
				<string>8ADF5E5517F5730B00BB6731</string>
				<string>8ADF5E5617F5730B00BB6731</string>
				<string>8ADF5E5717F5730B00BB6731</string>
				<string>8ADF5E5817F5730B00BB6731</string>
				<string>8ADF5E5917F5730B00BB6731</string>
				<string>8ADF5E5A17F5730B00BB6731</string>
				<string>8ADF5E5B17F5730B00BB6731</string>
				<string>8ADF5E5C17F5730B00BB6731</string>
				<string>8ADF5E9217F5768600BB6731</string>
				<string>8ADF5E5E17F5730B00BB6731</string>
				<string>8ADF5E5F17F5730B00BB6731</string>
				<string>8ADF5DEB17F56FB800BB6731</string>
			</array>
			<key>isa</key>
			<string>PBXGroup</string>
			<key>path</key>
			<string>Images</string>
			<key>sourceTree</key>
			<string>&lt;group&gt;</string>
		</dict>
		<key>8ADF5DEB17F56FB800BB6731</key>
		<dict>
			<key>isa</key>
			<string>PBXFileReference</string>
			<key>lastKnownFileType</key>
			<string>image.png</string>
			<key>path</key>
			<string>particle_star.png</string>
			<key>sourceTree</key>
			<string>&lt;group&gt;</string>
		</dict>
		<key>8ADF5DEC17F56FB800BB6731</key>
		<dict>
			<key>children</key>
			<array>
				<string>8ADF5DED17F56FB800BB6731</string>
				<string>8ADF5DEE17F56FB800BB6731</string>
				<string>8ADF5DEF17F56FB800BB6731</string>
				<string>8ADF5DF017F56FB800BB6731</string>
				<string>8ADF5DF117F56FB800BB6731</string>
			</array>
			<key>isa</key>
			<string>PBXGroup</string>
			<key>path</key>
			<string>sound</string>
			<key>sourceTree</key>
			<string>&lt;group&gt;</string>
		</dict>
		<key>8ADF5DED17F56FB800BB6731</key>
		<dict>
			<key>isa</key>
			<string>PBXFileReference</string>
			<key>lastKnownFileType</key>
			<string>audio.mp3</string>
			<key>path</key>
			<string>ao.mp3</string>
			<key>sourceTree</key>
			<string>&lt;group&gt;</string>
		</dict>
		<key>8ADF5DEE17F56FB800BB6731</key>
		<dict>
			<key>isa</key>
			<string>PBXFileReference</string>
			<key>lastKnownFileType</key>
			<string>audio.mp3</string>
			<key>path</key>
			<string>bg.mp3</string>
			<key>sourceTree</key>
			<string>&lt;group&gt;</string>
		</dict>
		<key>8ADF5DEF17F56FB800BB6731</key>
		<dict>
			<key>isa</key>
			<string>PBXFileReference</string>
			<key>lastKnownFileType</key>
			<string>audio.mp3</string>
			<key>path</key>
			<string>block.mp3</string>
			<key>sourceTree</key>
			<string>&lt;group&gt;</string>
		</dict>
		<key>8ADF5DF017F56FB800BB6731</key>
		<dict>
			<key>isa</key>
			<string>PBXFileReference</string>
			<key>lastKnownFileType</key>
			<string>audio.mp3</string>
			<key>path</key>
			<string>click.mp3</string>
			<key>sourceTree</key>
			<string>&lt;group&gt;</string>
		</dict>
		<key>8ADF5DF117F56FB800BB6731</key>
		<dict>
			<key>isa</key>
			<string>PBXFileReference</string>
			<key>lastKnownFileType</key>
			<string>audio.wav</string>
			<key>path</key>
			<string>finish.wav</string>
			<key>sourceTree</key>
			<string>&lt;group&gt;</string>
		</dict>
		<key>8ADF5E2417F56FB800BB6731</key>
		<dict>
			<key>fileRef</key>
			<string>8ADF5DEB17F56FB800BB6731</string>
			<key>isa</key>
			<string>PBXBuildFile</string>
		</dict>
		<key>8ADF5E2517F56FB800BB6731</key>
		<dict>
			<key>fileRef</key>
			<string>8ADF5DED17F56FB800BB6731</string>
			<key>isa</key>
			<string>PBXBuildFile</string>
		</dict>
		<key>8ADF5E2617F56FB800BB6731</key>
		<dict>
			<key>fileRef</key>
			<string>8ADF5DEE17F56FB800BB6731</string>
			<key>isa</key>
			<string>PBXBuildFile</string>
		</dict>
		<key>8ADF5E2717F56FB800BB6731</key>
		<dict>
			<key>fileRef</key>
			<string>8ADF5DEF17F56FB800BB6731</string>
			<key>isa</key>
			<string>PBXBuildFile</string>
		</dict>
		<key>8ADF5E2817F56FB800BB6731</key>
		<dict>
			<key>fileRef</key>
			<string>8ADF5DF017F56FB800BB6731</string>
			<key>isa</key>
			<string>PBXBuildFile</string>
		</dict>
		<key>8ADF5E2917F56FB800BB6731</key>
		<dict>
			<key>fileRef</key>
			<string>8ADF5DF117F56FB800BB6731</string>
			<key>isa</key>
			<string>PBXBuildFile</string>
		</dict>
		<key>8ADF5E2E17F5730B00BB6731</key>
		<dict>
			<key>isa</key>
			<string>PBXFileReference</string>
			<key>lastKnownFileType</key>
			<string>image.png</string>
			<key>path</key>
			<string>animal_0_0.png</string>
			<key>sourceTree</key>
			<string>&lt;group&gt;</string>
		</dict>
		<key>8ADF5E2F17F5730B00BB6731</key>
		<dict>
			<key>isa</key>
			<string>PBXFileReference</string>
			<key>lastKnownFileType</key>
			<string>image.png</string>
			<key>path</key>
			<string>animal_0_0@2x.png</string>
			<key>sourceTree</key>
			<string>&lt;group&gt;</string>
		</dict>
		<key>8ADF5E3017F5730B00BB6731</key>
		<dict>
			<key>isa</key>
			<string>PBXFileReference</string>
			<key>lastKnownFileType</key>
			<string>image.png</string>
			<key>path</key>
			<string>animal_0_1.png</string>
			<key>sourceTree</key>
			<string>&lt;group&gt;</string>
		</dict>
		<key>8ADF5E3117F5730B00BB6731</key>
		<dict>
			<key>isa</key>
			<string>PBXFileReference</string>
			<key>lastKnownFileType</key>
			<string>image.png</string>
			<key>path</key>
			<string>animal_0_1@2x.png</string>
			<key>sourceTree</key>
			<string>&lt;group&gt;</string>
		</dict>
		<key>8ADF5E3217F5730B00BB6731</key>
		<dict>
			<key>isa</key>
			<string>PBXFileReference</string>
			<key>lastKnownFileType</key>
			<string>image.png</string>
			<key>path</key>
			<string>animal_0_2.png</string>
			<key>sourceTree</key>
			<string>&lt;group&gt;</string>
		</dict>
		<key>8ADF5E3317F5730B00BB6731</key>
		<dict>
			<key>isa</key>
			<string>PBXFileReference</string>
			<key>lastKnownFileType</key>
			<string>image.png</string>
			<key>path</key>
			<string>animal_0_2@2x.png</string>
			<key>sourceTree</key>
			<string>&lt;group&gt;</string>
		</dict>
		<key>8ADF5E3417F5730B00BB6731</key>
		<dict>
			<key>isa</key>
			<string>PBXFileReference</string>
			<key>lastKnownFileType</key>
			<string>image.png</string>
			<key>path</key>
			<string>animal_0_3.png</string>
			<key>sourceTree</key>
			<string>&lt;group&gt;</string>
		</dict>
		<key>8ADF5E3517F5730B00BB6731</key>
		<dict>
			<key>isa</key>
			<string>PBXFileReference</string>
			<key>lastKnownFileType</key>
			<string>image.png</string>
			<key>path</key>
			<string>animal_0_3@2x.png</string>
			<key>sourceTree</key>
			<string>&lt;group&gt;</string>
		</dict>
		<key>8ADF5E3617F5730B00BB6731</key>
		<dict>
			<key>isa</key>
			<string>PBXFileReference</string>
			<key>lastKnownFileType</key>
			<string>image.png</string>
			<key>path</key>
			<string>animal_0_4.png</string>
			<key>sourceTree</key>
			<string>&lt;group&gt;</string>
		</dict>
		<key>8ADF5E3717F5730B00BB6731</key>
		<dict>
			<key>isa</key>
			<string>PBXFileReference</string>
			<key>lastKnownFileType</key>
			<string>image.png</string>
			<key>path</key>
			<string>animal_0_4@2x.png</string>
			<key>sourceTree</key>
			<string>&lt;group&gt;</string>
		</dict>
		<key>8ADF5E3817F5730B00BB6731</key>
		<dict>
			<key>isa</key>
			<string>PBXFileReference</string>
			<key>lastKnownFileType</key>
			<string>image.png</string>
			<key>path</key>
			<string>animal_0_5.png</string>
			<key>sourceTree</key>
			<string>&lt;group&gt;</string>
		</dict>
		<key>8ADF5E3917F5730B00BB6731</key>
		<dict>
			<key>isa</key>
			<string>PBXFileReference</string>
			<key>lastKnownFileType</key>
			<string>image.png</string>
			<key>path</key>
			<string>animal_0_5@2x.png</string>
			<key>sourceTree</key>
			<string>&lt;group&gt;</string>
		</dict>
		<key>8ADF5E3A17F5730B00BB6731</key>
		<dict>
			<key>isa</key>
			<string>PBXFileReference</string>
			<key>lastKnownFileType</key>
			<string>image.png</string>
			<key>path</key>
			<string>animal_1_0.png</string>
			<key>sourceTree</key>
			<string>&lt;group&gt;</string>
		</dict>
		<key>8ADF5E3B17F5730B00BB6731</key>
		<dict>
			<key>isa</key>
			<string>PBXFileReference</string>
			<key>lastKnownFileType</key>
			<string>image.png</string>
			<key>path</key>
			<string>animal_1_0@2x.png</string>
			<key>sourceTree</key>
			<string>&lt;group&gt;</string>
		</dict>
		<key>8ADF5E3C17F5730B00BB6731</key>
		<dict>
			<key>isa</key>
			<string>PBXFileReference</string>
			<key>lastKnownFileType</key>
			<string>image.png</string>
			<key>path</key>
			<string>animal_1_1.png</string>
			<key>sourceTree</key>
			<string>&lt;group&gt;</string>
		</dict>
		<key>8ADF5E3D17F5730B00BB6731</key>
		<dict>
			<key>isa</key>
			<string>PBXFileReference</string>
			<key>lastKnownFileType</key>
			<string>image.png</string>
			<key>path</key>
			<string>animal_1_1@2x.png</string>
			<key>sourceTree</key>
			<string>&lt;group&gt;</string>
		</dict>
		<key>8ADF5E3E17F5730B00BB6731</key>
		<dict>
			<key>isa</key>
			<string>PBXFileReference</string>
			<key>lastKnownFileType</key>
			<string>image.png</string>
			<key>path</key>
			<string>animal_1_2.png</string>
			<key>sourceTree</key>
			<string>&lt;group&gt;</string>
		</dict>
		<key>8ADF5E3F17F5730B00BB6731</key>
		<dict>
			<key>isa</key>
			<string>PBXFileReference</string>
			<key>lastKnownFileType</key>
			<string>image.png</string>
			<key>path</key>
			<string>animal_1_2@2x.png</string>
			<key>sourceTree</key>
			<string>&lt;group&gt;</string>
		</dict>
		<key>8ADF5E4017F5730B00BB6731</key>
		<dict>
			<key>isa</key>
			<string>PBXFileReference</string>
			<key>lastKnownFileType</key>
			<string>image.png</string>
			<key>path</key>
			<string>animal_1_3.png</string>
			<key>sourceTree</key>
			<string>&lt;group&gt;</string>
		</dict>
		<key>8ADF5E4117F5730B00BB6731</key>
		<dict>
			<key>isa</key>
			<string>PBXFileReference</string>
			<key>lastKnownFileType</key>
			<string>image.png</string>
			<key>path</key>
			<string>animal_1_3@2x.png</string>
			<key>sourceTree</key>
			<string>&lt;group&gt;</string>
		</dict>
		<key>8ADF5E4217F5730B00BB6731</key>
		<dict>
			<key>isa</key>
			<string>PBXFileReference</string>
			<key>lastKnownFileType</key>
			<string>image.png</string>
			<key>path</key>
			<string>animal_1_4.png</string>
			<key>sourceTree</key>
			<string>&lt;group&gt;</string>
		</dict>
		<key>8ADF5E4317F5730B00BB6731</key>
		<dict>
			<key>isa</key>
			<string>PBXFileReference</string>
			<key>lastKnownFileType</key>
			<string>image.png</string>
			<key>path</key>
			<string>animal_1_4@2x.png</string>
			<key>sourceTree</key>
			<string>&lt;group&gt;</string>
		</dict>
		<key>8ADF5E4417F5730B00BB6731</key>
		<dict>
			<key>isa</key>
			<string>PBXFileReference</string>
			<key>lastKnownFileType</key>
			<string>image.png</string>
			<key>path</key>
			<string>animal_1_5.png</string>
			<key>sourceTree</key>
			<string>&lt;group&gt;</string>
		</dict>
		<key>8ADF5E4517F5730B00BB6731</key>
		<dict>
			<key>isa</key>
			<string>PBXFileReference</string>
			<key>lastKnownFileType</key>
			<string>image.png</string>
			<key>path</key>
			<string>animal_1_5@2x.png</string>
			<key>sourceTree</key>
			<string>&lt;group&gt;</string>
		</dict>
		<key>8ADF5E4617F5730B00BB6731</key>
		<dict>
			<key>isa</key>
			<string>PBXFileReference</string>
			<key>lastKnownFileType</key>
			<string>image.png</string>
			<key>path</key>
			<string>animal_2_0.png</string>
			<key>sourceTree</key>
			<string>&lt;group&gt;</string>
		</dict>
		<key>8ADF5E4717F5730B00BB6731</key>
		<dict>
			<key>isa</key>
			<string>PBXFileReference</string>
			<key>lastKnownFileType</key>
			<string>image.png</string>
			<key>path</key>
			<string>animal_2_0@2x.png</string>
			<key>sourceTree</key>
			<string>&lt;group&gt;</string>
		</dict>
		<key>8ADF5E4817F5730B00BB6731</key>
		<dict>
			<key>isa</key>
			<string>PBXFileReference</string>
			<key>lastKnownFileType</key>
			<string>image.png</string>
			<key>path</key>
			<string>animal_2_1.png</string>
			<key>sourceTree</key>
			<string>&lt;group&gt;</string>
		</dict>
		<key>8ADF5E4917F5730B00BB6731</key>
		<dict>
			<key>isa</key>
			<string>PBXFileReference</string>
			<key>lastKnownFileType</key>
			<string>image.png</string>
			<key>path</key>
			<string>animal_2_1@2x.png</string>
			<key>sourceTree</key>
			<string>&lt;group&gt;</string>
		</dict>
		<key>8ADF5E4A17F5730B00BB6731</key>
		<dict>
			<key>isa</key>
			<string>PBXFileReference</string>
			<key>lastKnownFileType</key>
			<string>image.png</string>
			<key>path</key>
			<string>animal_2_2.png</string>
			<key>sourceTree</key>
			<string>&lt;group&gt;</string>
		</dict>
		<key>8ADF5E4B17F5730B00BB6731</key>
		<dict>
			<key>isa</key>
			<string>PBXFileReference</string>
			<key>lastKnownFileType</key>
			<string>image.png</string>
			<key>path</key>
			<string>animal_2_2@2x.png</string>
			<key>sourceTree</key>
			<string>&lt;group&gt;</string>
		</dict>
		<key>8ADF5E4C17F5730B00BB6731</key>
		<dict>
			<key>isa</key>
			<string>PBXFileReference</string>
			<key>lastKnownFileType</key>
			<string>image.png</string>
			<key>path</key>
			<string>animal_2_3.png</string>
			<key>sourceTree</key>
			<string>&lt;group&gt;</string>
		</dict>
		<key>8ADF5E4D17F5730B00BB6731</key>
		<dict>
			<key>isa</key>
			<string>PBXFileReference</string>
			<key>lastKnownFileType</key>
			<string>image.png</string>
			<key>path</key>
			<string>animal_2_3@2x.png</string>
			<key>sourceTree</key>
			<string>&lt;group&gt;</string>
		</dict>
		<key>8ADF5E4E17F5730B00BB6731</key>
		<dict>
			<key>isa</key>
			<string>PBXFileReference</string>
			<key>lastKnownFileType</key>
			<string>image.png</string>
			<key>path</key>
			<string>animal_2_4.png</string>
			<key>sourceTree</key>
			<string>&lt;group&gt;</string>
		</dict>
		<key>8ADF5E4F17F5730B00BB6731</key>
		<dict>
			<key>isa</key>
			<string>PBXFileReference</string>
			<key>lastKnownFileType</key>
			<string>image.png</string>
			<key>path</key>
			<string>animal_2_4@2x.png</string>
			<key>sourceTree</key>
			<string>&lt;group&gt;</string>
		</dict>
		<key>8ADF5E5017F5730B00BB6731</key>
		<dict>
			<key>isa</key>
			<string>PBXFileReference</string>
			<key>lastKnownFileType</key>
			<string>image.png</string>
			<key>path</key>
			<string>animal_2_5.png</string>
			<key>sourceTree</key>
			<string>&lt;group&gt;</string>
		</dict>
		<key>8ADF5E5117F5730B00BB6731</key>
		<dict>
			<key>isa</key>
			<string>PBXFileReference</string>
			<key>lastKnownFileType</key>
			<string>image.png</string>
			<key>path</key>
			<string>animal_2_5@2x.png</string>
			<key>sourceTree</key>
			<string>&lt;group&gt;</string>
		</dict>
		<key>8ADF5E5217F5730B00BB6731</key>
		<dict>
			<key>isa</key>
			<string>PBXFileReference</string>
			<key>lastKnownFileType</key>
			<string>image.png</string>
			<key>path</key>
			<string>bg_pattern_1.png</string>
			<key>sourceTree</key>
			<string>&lt;group&gt;</string>
		</dict>
		<key>8ADF5E5317F5730B00BB6731</key>
		<dict>
			<key>isa</key>
			<string>PBXFileReference</string>
			<key>lastKnownFileType</key>
			<string>image.png</string>
			<key>path</key>
			<string>bg_pattern_1@2x.png</string>
			<key>sourceTree</key>
			<string>&lt;group&gt;</string>
		</dict>
		<key>8ADF5E5417F5730B00BB6731</key>
		<dict>
			<key>isa</key>
			<string>PBXFileReference</string>
			<key>lastKnownFileType</key>
			<string>image.png</string>
			<key>path</key>
			<string>bg_pattern_2.png</string>
			<key>sourceTree</key>
			<string>&lt;group&gt;</string>
		</dict>
		<key>8ADF5E5517F5730B00BB6731</key>
		<dict>
			<key>isa</key>
			<string>PBXFileReference</string>
			<key>lastKnownFileType</key>
			<string>image.png</string>
			<key>path</key>
			<string>bg_pattern_2@2x.png</string>
			<key>sourceTree</key>
			<string>&lt;group&gt;</string>
		</dict>
		<key>8ADF5E5617F5730B00BB6731</key>
		<dict>
			<key>isa</key>
			<string>PBXFileReference</string>
			<key>lastKnownFileType</key>
			<string>image.png</string>
			<key>path</key>
			<string>bg_pattern_3.png</string>
			<key>sourceTree</key>
			<string>&lt;group&gt;</string>
		</dict>
		<key>8ADF5E5717F5730B00BB6731</key>
		<dict>
			<key>isa</key>
			<string>PBXFileReference</string>
			<key>lastKnownFileType</key>
			<string>image.png</string>
			<key>path</key>
			<string>bg_pattern_3@2x.png</string>
			<key>sourceTree</key>
			<string>&lt;group&gt;</string>
		</dict>
		<key>8ADF5E5817F5730B00BB6731</key>
		<dict>
			<key>isa</key>
			<string>PBXFileReference</string>
			<key>lastKnownFileType</key>
			<string>image.png</string>
			<key>path</key>
			<string>farm_book_open.png</string>
			<key>sourceTree</key>
			<string>&lt;group&gt;</string>
		</dict>
		<key>8ADF5E5917F5730B00BB6731</key>
		<dict>
			<key>isa</key>
			<string>PBXFileReference</string>
			<key>lastKnownFileType</key>
			<string>image.png</string>
			<key>path</key>
			<string>farm_book_open@2x.png</string>
			<key>sourceTree</key>
			<string>&lt;group&gt;</string>
		</dict>
		<key>8ADF5E5A17F5730B00BB6731</key>
		<dict>
			<key>isa</key>
			<string>PBXFileReference</string>
			<key>lastKnownFileType</key>
			<string>image.png</string>
			<key>path</key>
			<string>grass_book_open.png</string>
			<key>sourceTree</key>
			<string>&lt;group&gt;</string>
		</dict>
		<key>8ADF5E5B17F5730B00BB6731</key>
		<dict>
			<key>isa</key>
			<string>PBXFileReference</string>
			<key>lastKnownFileType</key>
			<string>image.png</string>
			<key>path</key>
			<string>grass_book_open@2x.png</string>
			<key>sourceTree</key>
			<string>&lt;group&gt;</string>
		</dict>
		<key>8ADF5E5C17F5730B00BB6731</key>
		<dict>
			<key>isa</key>
			<string>PBXFileReference</string>
			<key>lastKnownFileType</key>
			<string>image.png</string>
			<key>path</key>
			<string>main_menu_bg.png</string>
			<key>sourceTree</key>
			<string>&lt;group&gt;</string>
		</dict>
		<key>8ADF5E5E17F5730B00BB6731</key>
		<dict>
			<key>isa</key>
			<string>PBXFileReference</string>
			<key>lastKnownFileType</key>
			<string>image.png</string>
			<key>path</key>
			<string>ocean_book_open.png</string>
			<key>sourceTree</key>
			<string>&lt;group&gt;</string>
		</dict>
		<key>8ADF5E5F17F5730B00BB6731</key>
		<dict>
			<key>isa</key>
			<string>PBXFileReference</string>
			<key>lastKnownFileType</key>
			<string>image.png</string>
			<key>path</key>
			<string>ocean_book_open@2x.png</string>
			<key>sourceTree</key>
			<string>&lt;group&gt;</string>
		</dict>
		<key>8ADF5E6017F5730B00BB6731</key>
		<dict>
			<key>fileRef</key>
			<string>8ADF5E2E17F5730B00BB6731</string>
			<key>isa</key>
			<string>PBXBuildFile</string>
		</dict>
		<key>8ADF5E6117F5730B00BB6731</key>
		<dict>
			<key>fileRef</key>
			<string>8ADF5E2F17F5730B00BB6731</string>
			<key>isa</key>
			<string>PBXBuildFile</string>
		</dict>
		<key>8ADF5E6217F5730B00BB6731</key>
		<dict>
			<key>fileRef</key>
			<string>8ADF5E3017F5730B00BB6731</string>
			<key>isa</key>
			<string>PBXBuildFile</string>
		</dict>
		<key>8ADF5E6317F5730B00BB6731</key>
		<dict>
			<key>fileRef</key>
			<string>8ADF5E3117F5730B00BB6731</string>
			<key>isa</key>
			<string>PBXBuildFile</string>
		</dict>
		<key>8ADF5E6417F5730B00BB6731</key>
		<dict>
			<key>fileRef</key>
			<string>8ADF5E3217F5730B00BB6731</string>
			<key>isa</key>
			<string>PBXBuildFile</string>
		</dict>
		<key>8ADF5E6517F5730B00BB6731</key>
		<dict>
			<key>fileRef</key>
			<string>8ADF5E3317F5730B00BB6731</string>
			<key>isa</key>
			<string>PBXBuildFile</string>
		</dict>
		<key>8ADF5E6617F5730B00BB6731</key>
		<dict>
			<key>fileRef</key>
			<string>8ADF5E3417F5730B00BB6731</string>
			<key>isa</key>
			<string>PBXBuildFile</string>
		</dict>
		<key>8ADF5E6717F5730B00BB6731</key>
		<dict>
			<key>fileRef</key>
			<string>8ADF5E3517F5730B00BB6731</string>
			<key>isa</key>
			<string>PBXBuildFile</string>
		</dict>
		<key>8ADF5E6817F5730B00BB6731</key>
		<dict>
			<key>fileRef</key>
			<string>8ADF5E3617F5730B00BB6731</string>
			<key>isa</key>
			<string>PBXBuildFile</string>
		</dict>
		<key>8ADF5E6917F5730B00BB6731</key>
		<dict>
			<key>fileRef</key>
			<string>8ADF5E3717F5730B00BB6731</string>
			<key>isa</key>
			<string>PBXBuildFile</string>
		</dict>
		<key>8ADF5E6A17F5730B00BB6731</key>
		<dict>
			<key>fileRef</key>
			<string>8ADF5E3817F5730B00BB6731</string>
			<key>isa</key>
			<string>PBXBuildFile</string>
		</dict>
		<key>8ADF5E6B17F5730B00BB6731</key>
		<dict>
			<key>fileRef</key>
			<string>8ADF5E3917F5730B00BB6731</string>
			<key>isa</key>
			<string>PBXBuildFile</string>
		</dict>
		<key>8ADF5E6C17F5730B00BB6731</key>
		<dict>
			<key>fileRef</key>
			<string>8ADF5E3A17F5730B00BB6731</string>
			<key>isa</key>
			<string>PBXBuildFile</string>
		</dict>
		<key>8ADF5E6D17F5730B00BB6731</key>
		<dict>
			<key>fileRef</key>
			<string>8ADF5E3B17F5730B00BB6731</string>
			<key>isa</key>
			<string>PBXBuildFile</string>
		</dict>
		<key>8ADF5E6E17F5730B00BB6731</key>
		<dict>
			<key>fileRef</key>
			<string>8ADF5E3C17F5730B00BB6731</string>
			<key>isa</key>
			<string>PBXBuildFile</string>
		</dict>
		<key>8ADF5E6F17F5730B00BB6731</key>
		<dict>
			<key>fileRef</key>
			<string>8ADF5E3D17F5730B00BB6731</string>
			<key>isa</key>
			<string>PBXBuildFile</string>
		</dict>
		<key>8ADF5E7017F5730B00BB6731</key>
		<dict>
			<key>fileRef</key>
			<string>8ADF5E3E17F5730B00BB6731</string>
			<key>isa</key>
			<string>PBXBuildFile</string>
		</dict>
		<key>8ADF5E7117F5730B00BB6731</key>
		<dict>
			<key>fileRef</key>
			<string>8ADF5E3F17F5730B00BB6731</string>
			<key>isa</key>
			<string>PBXBuildFile</string>
		</dict>
		<key>8ADF5E7217F5730B00BB6731</key>
		<dict>
			<key>fileRef</key>
			<string>8ADF5E4017F5730B00BB6731</string>
			<key>isa</key>
			<string>PBXBuildFile</string>
		</dict>
		<key>8ADF5E7317F5730B00BB6731</key>
		<dict>
			<key>fileRef</key>
			<string>8ADF5E4117F5730B00BB6731</string>
			<key>isa</key>
			<string>PBXBuildFile</string>
		</dict>
		<key>8ADF5E7417F5730B00BB6731</key>
		<dict>
			<key>fileRef</key>
			<string>8ADF5E4217F5730B00BB6731</string>
			<key>isa</key>
			<string>PBXBuildFile</string>
		</dict>
		<key>8ADF5E7517F5730B00BB6731</key>
		<dict>
			<key>fileRef</key>
			<string>8ADF5E4317F5730B00BB6731</string>
			<key>isa</key>
			<string>PBXBuildFile</string>
		</dict>
		<key>8ADF5E7617F5730B00BB6731</key>
		<dict>
			<key>fileRef</key>
			<string>8ADF5E4417F5730B00BB6731</string>
			<key>isa</key>
			<string>PBXBuildFile</string>
		</dict>
		<key>8ADF5E7717F5730B00BB6731</key>
		<dict>
			<key>fileRef</key>
			<string>8ADF5E4517F5730B00BB6731</string>
			<key>isa</key>
			<string>PBXBuildFile</string>
		</dict>
		<key>8ADF5E7817F5730B00BB6731</key>
		<dict>
			<key>fileRef</key>
			<string>8ADF5E4617F5730B00BB6731</string>
			<key>isa</key>
			<string>PBXBuildFile</string>
		</dict>
		<key>8ADF5E7917F5730B00BB6731</key>
		<dict>
			<key>fileRef</key>
			<string>8ADF5E4717F5730B00BB6731</string>
			<key>isa</key>
			<string>PBXBuildFile</string>
		</dict>
		<key>8ADF5E7A17F5730B00BB6731</key>
		<dict>
			<key>fileRef</key>
			<string>8ADF5E4817F5730B00BB6731</string>
			<key>isa</key>
			<string>PBXBuildFile</string>
		</dict>
		<key>8ADF5E7B17F5730B00BB6731</key>
		<dict>
			<key>fileRef</key>
			<string>8ADF5E4917F5730B00BB6731</string>
			<key>isa</key>
			<string>PBXBuildFile</string>
		</dict>
		<key>8ADF5E7C17F5730B00BB6731</key>
		<dict>
			<key>fileRef</key>
			<string>8ADF5E4A17F5730B00BB6731</string>
			<key>isa</key>
			<string>PBXBuildFile</string>
		</dict>
		<key>8ADF5E7D17F5730B00BB6731</key>
		<dict>
			<key>fileRef</key>
			<string>8ADF5E4B17F5730B00BB6731</string>
			<key>isa</key>
			<string>PBXBuildFile</string>
		</dict>
		<key>8ADF5E7E17F5730B00BB6731</key>
		<dict>
			<key>fileRef</key>
			<string>8ADF5E4C17F5730B00BB6731</string>
			<key>isa</key>
			<string>PBXBuildFile</string>
		</dict>
		<key>8ADF5E7F17F5730B00BB6731</key>
		<dict>
			<key>fileRef</key>
			<string>8ADF5E4D17F5730B00BB6731</string>
			<key>isa</key>
			<string>PBXBuildFile</string>
		</dict>
		<key>8ADF5E8017F5730B00BB6731</key>
		<dict>
			<key>fileRef</key>
			<string>8ADF5E4E17F5730B00BB6731</string>
			<key>isa</key>
			<string>PBXBuildFile</string>
		</dict>
		<key>8ADF5E8117F5730B00BB6731</key>
		<dict>
			<key>fileRef</key>
			<string>8ADF5E4F17F5730B00BB6731</string>
			<key>isa</key>
			<string>PBXBuildFile</string>
		</dict>
		<key>8ADF5E8217F5730B00BB6731</key>
		<dict>
			<key>fileRef</key>
			<string>8ADF5E5017F5730B00BB6731</string>
			<key>isa</key>
			<string>PBXBuildFile</string>
		</dict>
		<key>8ADF5E8317F5730B00BB6731</key>
		<dict>
			<key>fileRef</key>
			<string>8ADF5E5117F5730B00BB6731</string>
			<key>isa</key>
			<string>PBXBuildFile</string>
		</dict>
		<key>8ADF5E8417F5730B00BB6731</key>
		<dict>
			<key>fileRef</key>
			<string>8ADF5E5217F5730B00BB6731</string>
			<key>isa</key>
			<string>PBXBuildFile</string>
		</dict>
		<key>8ADF5E8517F5730B00BB6731</key>
		<dict>
			<key>fileRef</key>
			<string>8ADF5E5317F5730B00BB6731</string>
			<key>isa</key>
			<string>PBXBuildFile</string>
		</dict>
		<key>8ADF5E8617F5730B00BB6731</key>
		<dict>
			<key>fileRef</key>
			<string>8ADF5E5417F5730B00BB6731</string>
			<key>isa</key>
			<string>PBXBuildFile</string>
		</dict>
		<key>8ADF5E8717F5730B00BB6731</key>
		<dict>
			<key>fileRef</key>
			<string>8ADF5E5517F5730B00BB6731</string>
			<key>isa</key>
			<string>PBXBuildFile</string>
		</dict>
		<key>8ADF5E8817F5730B00BB6731</key>
		<dict>
			<key>fileRef</key>
			<string>8ADF5E5617F5730B00BB6731</string>
			<key>isa</key>
			<string>PBXBuildFile</string>
		</dict>
		<key>8ADF5E8917F5730B00BB6731</key>
		<dict>
			<key>fileRef</key>
			<string>8ADF5E5717F5730B00BB6731</string>
			<key>isa</key>
			<string>PBXBuildFile</string>
		</dict>
		<key>8ADF5E8A17F5730B00BB6731</key>
		<dict>
			<key>fileRef</key>
			<string>8ADF5E5817F5730B00BB6731</string>
			<key>isa</key>
			<string>PBXBuildFile</string>
		</dict>
		<key>8ADF5E8B17F5730B00BB6731</key>
		<dict>
			<key>fileRef</key>
			<string>8ADF5E5917F5730B00BB6731</string>
			<key>isa</key>
			<string>PBXBuildFile</string>
		</dict>
		<key>8ADF5E8C17F5730B00BB6731</key>
		<dict>
			<key>fileRef</key>
			<string>8ADF5E5A17F5730B00BB6731</string>
			<key>isa</key>
			<string>PBXBuildFile</string>
		</dict>
		<key>8ADF5E8D17F5730B00BB6731</key>
		<dict>
			<key>fileRef</key>
			<string>8ADF5E5B17F5730B00BB6731</string>
			<key>isa</key>
			<string>PBXBuildFile</string>
		</dict>
		<key>8ADF5E8E17F5730B00BB6731</key>
		<dict>
			<key>fileRef</key>
			<string>8ADF5E5C17F5730B00BB6731</string>
			<key>isa</key>
			<string>PBXBuildFile</string>
		</dict>
		<key>8ADF5E9017F5730B00BB6731</key>
		<dict>
			<key>fileRef</key>
			<string>8ADF5E5E17F5730B00BB6731</string>
			<key>isa</key>
			<string>PBXBuildFile</string>
		</dict>
		<key>8ADF5E9117F5730B00BB6731</key>
		<dict>
			<key>fileRef</key>
			<string>8ADF5E5F17F5730B00BB6731</string>
			<key>isa</key>
			<string>PBXBuildFile</string>
		</dict>
		<key>8ADF5E9217F5768600BB6731</key>
		<dict>
			<key>isa</key>
			<string>PBXFileReference</string>
			<key>lastKnownFileType</key>
			<string>image.png</string>
			<key>path</key>
			<string>main_menu_bg@2x.png</string>
			<key>sourceTree</key>
			<string>&lt;group&gt;</string>
		</dict>
		<key>8ADF5E9317F5768600BB6731</key>
		<dict>
			<key>fileRef</key>
			<string>8ADF5E9217F5768600BB6731</string>
			<key>isa</key>
			<string>PBXBuildFile</string>
		</dict>
		<key>8AE8CD2A1807D909000DD111</key>
		<dict>
			<key>isa</key>
			<string>PBXFileReference</string>
			<key>lastKnownFileType</key>
			<string>file</string>
			<key>path</key>
			<string>SharkSoftBites.ttf</string>
			<key>sourceTree</key>
			<string>&lt;group&gt;</string>
		</dict>
		<key>8AE8CD2B1807D909000DD111</key>
		<dict>
			<key>fileRef</key>
			<string>8AE8CD2A1807D909000DD111</string>
			<key>isa</key>
			<string>PBXBuildFile</string>
		</dict>
		<key>8AE8CD2C1807DC29000DD111</key>
		<dict>
			<key>isa</key>
			<string>PBXFileReference</string>
			<key>lastKnownFileType</key>
			<string>file.sks</string>
			<key>path</key>
			<string>Spark.sks</string>
			<key>sourceTree</key>
			<string>&lt;group&gt;</string>
		</dict>
		<key>8AE8CD2E1807DC29000DD111</key>
		<dict>
			<key>fileRef</key>
			<string>8AE8CD2C1807DC29000DD111</string>
			<key>isa</key>
			<string>PBXBuildFile</string>
		</dict>
		<key>8AFB50501803EE440033585C</key>
		<dict>
			<key>fileEncoding</key>
			<string>4</string>
			<key>isa</key>
			<string>PBXFileReference</string>
			<key>lastKnownFileType</key>
			<string>sourcecode.c.h</string>
			<key>path</key>
			<string>Utility.h</string>
			<key>sourceTree</key>
			<string>&lt;group&gt;</string>
		</dict>
		<key>8AFB50511803EE440033585C</key>
		<dict>
			<key>fileEncoding</key>
			<string>4</string>
			<key>isa</key>
			<string>PBXFileReference</string>
			<key>lastKnownFileType</key>
			<string>sourcecode.c.objc</string>
			<key>path</key>
			<string>Utility.m</string>
			<key>sourceTree</key>
			<string>&lt;group&gt;</string>
		</dict>
		<key>8AFB50521803EE440033585C</key>
		<dict>
			<key>fileRef</key>
			<string>8AFB50511803EE440033585C</string>
			<key>isa</key>
			<string>PBXBuildFile</string>
		</dict>
		<key>8AFB50531803F39D0033585C</key>
		<dict>
			<key>fileEncoding</key>
			<string>4</string>
			<key>isa</key>
			<string>PBXFileReference</string>
			<key>lastKnownFileType</key>
			<string>sourcecode.c.h</string>
			<key>path</key>
			<string>LoadingScene.h</string>
			<key>sourceTree</key>
			<string>&lt;group&gt;</string>
		</dict>
		<key>8AFB50541803F39D0033585C</key>
		<dict>
			<key>fileEncoding</key>
			<string>4</string>
			<key>isa</key>
			<string>PBXFileReference</string>
			<key>lastKnownFileType</key>
			<string>sourcecode.c.objc</string>
			<key>path</key>
			<string>LoadingScene.m</string>
			<key>sourceTree</key>
			<string>&lt;group&gt;</string>
		</dict>
		<key>8AFB50551803F39D0033585C</key>
		<dict>
			<key>fileRef</key>
			<string>8AFB50541803F39D0033585C</string>
			<key>isa</key>
			<string>PBXBuildFile</string>
		</dict>
		<key>A35817BE0D904B7EA02CC4AD</key>
		<dict>
			<key>fileRef</key>
			<string>2E8C6F0411244EF89CA5ED23</string>
			<key>isa</key>
			<string>PBXBuildFile</string>
		</dict>
		<key>E1BFFC38102E4A9EAE1C9DD5</key>
		<dict>
			<key>buildActionMask</key>
			<string>2147483647</string>
			<key>files</key>
			<array/>
			<key>inputPaths</key>
			<array/>
			<key>isa</key>
			<string>PBXShellScriptBuildPhase</string>
			<key>name</key>
			<string>Check Pods Manifest.lock</string>
			<key>outputPaths</key>
			<array/>
			<key>runOnlyForDeploymentPostprocessing</key>
			<string>0</string>
			<key>shellPath</key>
			<string>/bin/sh</string>
			<key>shellScript</key>
			<string>diff "${PODS_ROOT}/../Podfile.lock" "${PODS_ROOT}/Manifest.lock" &gt; /dev/null
if [[ $? != 0 ]] ; then
    cat &lt;&lt; EOM
error: The sandbox is not in sync with the Podfile.lock. Run 'pod install' or update your CocoaPods installation.
EOM
    exit 1
fi
</string>
			<key>showEnvVarsInLog</key>
			<string>0</string>
		</dict>
	</dict>
	<key>rootObject</key>
	<string>8ADF5D6B17F56D7A00BB6731</string>
</dict>
</plist>
